// !$*UTF8*$!
{
	archiveVersion = 1;
	classes = {
	};
	objectVersion = 48;
	objects = {

/* Begin PBXBuildFile section */
		EE510CC320FE186B002EC0DF /* AppDelegate.m in Sources */ = {isa = PBXBuildFile; fileRef = EE510CC220FE186B002EC0DF /* AppDelegate.m */; };
		EE510CC620FE186B002EC0DF /* ViewController.m in Sources */ = {isa = PBXBuildFile; fileRef = EE510CC520FE186B002EC0DF /* ViewController.m */; };
		EE510CC920FE186B002EC0DF /* Main.storyboard in Resources */ = {isa = PBXBuildFile; fileRef = EE510CC720FE186B002EC0DF /* Main.storyboard */; };
		EE510CCB20FE186B002EC0DF /* Assets.xcassets in Resources */ = {isa = PBXBuildFile; fileRef = EE510CCA20FE186B002EC0DF /* Assets.xcassets */; };
		EE510CCE20FE186B002EC0DF /* LaunchScreen.storyboard in Resources */ = {isa = PBXBuildFile; fileRef = EE510CCC20FE186B002EC0DF /* LaunchScreen.storyboard */; };
		EE510CD120FE186B002EC0DF /* main.m in Sources */ = {isa = PBXBuildFile; fileRef = EE510CD020FE186B002EC0DF /* main.m */; };
		EE510CDB20FE186B002EC0DF /* HZVideoPlayerTests.m in Sources */ = {isa = PBXBuildFile; fileRef = EE510CDA20FE186B002EC0DF /* HZVideoPlayerTests.m */; };
		EE510CE620FE186B002EC0DF /* HZVideoPlayerUITests.m in Sources */ = {isa = PBXBuildFile; fileRef = EE510CE520FE186B002EC0DF /* HZVideoPlayerUITests.m */; };
		EE510CF520FE1B17002EC0DF /* HZVideoPlayer.m in Sources */ = {isa = PBXBuildFile; fileRef = EE510CF420FE1B17002EC0DF /* HZVideoPlayer.m */; };
		EE510CFD20FEED52002EC0DF /* TopStyleViewController.m in Sources */ = {isa = PBXBuildFile; fileRef = EE510CFC20FEED52002EC0DF /* TopStyleViewController.m */; };
		EE510D0020FEED62002EC0DF /* InnerStyleViewController.m in Sources */ = {isa = PBXBuildFile; fileRef = EE510CFF20FEED62002EC0DF /* InnerStyleViewController.m */; };
		EE510D0420FF203A002EC0DF /* HZVideoPlayer.bundle in Resources */ = {isa = PBXBuildFile; fileRef = EE510D0320FF203A002EC0DF /* HZVideoPlayer.bundle */; };
		EE510D0A20FF6B32002EC0DF /* HZPlayerView.m in Sources */ = {isa = PBXBuildFile; fileRef = EE510D0920FF6B32002EC0DF /* HZPlayerView.m */; };
		EE510D0C20FF73BB002EC0DF /* rzjt.MP4 in Resources */ = {isa = PBXBuildFile; fileRef = EE510D0B20FF73BB002EC0DF /* rzjt.MP4 */; };
		EE510D3C21005F7E002EC0DF /* HZSliderView.m in Sources */ = {isa = PBXBuildFile; fileRef = EE510D3B21005F7E002EC0DF /* HZSliderView.m */; };
		EE510D3F21005F9D002EC0DF /* UIView+HZFrame.m in Sources */ = {isa = PBXBuildFile; fileRef = EE510D3E21005F9D002EC0DF /* UIView+HZFrame.m */; };
		EE510D4221016AE1002EC0DF /* HZPlayerGestureControl.m in Sources */ = {isa = PBXBuildFile; fileRef = EE510D4021016AE0002EC0DF /* HZPlayerGestureControl.m */; };
		EE510D4E210201E4002EC0DF /* HZLoadingView.m in Sources */ = {isa = PBXBuildFile; fileRef = EE510D4C210201E4002EC0DF /* HZLoadingView.m */; };
		EE510D512102E603002EC0DF /* HZGCDTimerManager.m in Sources */ = {isa = PBXBuildFile; fileRef = EE510D4F2102E603002EC0DF /* HZGCDTimerManager.m */; };
		EE510D5421070A3E002EC0DF /* HZVolumeBrightnessView.m in Sources */ = {isa = PBXBuildFile; fileRef = EE510D5321070A3E002EC0DF /* HZVolumeBrightnessView.m */; };
		EE510D57210718AB002EC0DF /* HZForwardBackwardView.m in Sources */ = {isa = PBXBuildFile; fileRef = EE510D56210718AB002EC0DF /* HZForwardBackwardView.m */; };
		EE510D5B21084FF7002EC0DF /* scrollViewController.m in Sources */ = {isa = PBXBuildFile; fileRef = EE510D5A21084FF7002EC0DF /* scrollViewController.m */; };
		EE510DBB21089072002EC0DF /* MKAnnotationView+WebCache.m in Sources */ = {isa = PBXBuildFile; fileRef = EE510D8021089072002EC0DF /* MKAnnotationView+WebCache.m */; };
		EE510DBC21089072002EC0DF /* NSButton+WebCache.m in Sources */ = {isa = PBXBuildFile; fileRef = EE510D8221089072002EC0DF /* NSButton+WebCache.m */; };
		EE510DBD21089072002EC0DF /* NSData+ImageContentType.m in Sources */ = {isa = PBXBuildFile; fileRef = EE510D8421089072002EC0DF /* NSData+ImageContentType.m */; };
		EE510DBE21089072002EC0DF /* NSImage+WebCache.m in Sources */ = {isa = PBXBuildFile; fileRef = EE510D8621089072002EC0DF /* NSImage+WebCache.m */; };
		EE510DBF21089072002EC0DF /* SDAnimatedImageRep.m in Sources */ = {isa = PBXBuildFile; fileRef = EE510D8821089072002EC0DF /* SDAnimatedImageRep.m */; };
		EE510DC021089072002EC0DF /* SDImageCache.m in Sources */ = {isa = PBXBuildFile; fileRef = EE510D8A21089072002EC0DF /* SDImageCache.m */; };
		EE510DC121089072002EC0DF /* SDImageCacheConfig.m in Sources */ = {isa = PBXBuildFile; fileRef = EE510D8C21089072002EC0DF /* SDImageCacheConfig.m */; };
		EE510DC221089072002EC0DF /* SDWebImageCoder.m in Sources */ = {isa = PBXBuildFile; fileRef = EE510D8E21089072002EC0DF /* SDWebImageCoder.m */; };
		EE510DC321089072002EC0DF /* SDWebImageCoderHelper.m in Sources */ = {isa = PBXBuildFile; fileRef = EE510D9021089072002EC0DF /* SDWebImageCoderHelper.m */; };
		EE510DC421089072002EC0DF /* SDWebImageCodersManager.m in Sources */ = {isa = PBXBuildFile; fileRef = EE510D9221089072002EC0DF /* SDWebImageCodersManager.m */; };
		EE510DC521089072002EC0DF /* SDWebImageCompat.m in Sources */ = {isa = PBXBuildFile; fileRef = EE510D9421089072002EC0DF /* SDWebImageCompat.m */; };
		EE510DC621089072002EC0DF /* SDWebImageDownloader.m in Sources */ = {isa = PBXBuildFile; fileRef = EE510D9621089072002EC0DF /* SDWebImageDownloader.m */; };
		EE510DC721089072002EC0DF /* SDWebImageDownloaderOperation.m in Sources */ = {isa = PBXBuildFile; fileRef = EE510D9821089072002EC0DF /* SDWebImageDownloaderOperation.m */; };
		EE510DC821089072002EC0DF /* SDWebImageFrame.m in Sources */ = {isa = PBXBuildFile; fileRef = EE510D9A21089072002EC0DF /* SDWebImageFrame.m */; };
		EE510DC921089072002EC0DF /* SDWebImageGIFCoder.m in Sources */ = {isa = PBXBuildFile; fileRef = EE510D9C21089072002EC0DF /* SDWebImageGIFCoder.m */; };
		EE510DCA21089072002EC0DF /* SDWebImageImageIOCoder.m in Sources */ = {isa = PBXBuildFile; fileRef = EE510D9E21089072002EC0DF /* SDWebImageImageIOCoder.m */; };
		EE510DCB21089072002EC0DF /* SDWebImageManager.m in Sources */ = {isa = PBXBuildFile; fileRef = EE510DA021089072002EC0DF /* SDWebImageManager.m */; };
		EE510DCC21089072002EC0DF /* SDWebImagePrefetcher.m in Sources */ = {isa = PBXBuildFile; fileRef = EE510DA321089072002EC0DF /* SDWebImagePrefetcher.m */; };
		EE510DCD21089072002EC0DF /* SDWebImageTransition.m in Sources */ = {isa = PBXBuildFile; fileRef = EE510DA521089072002EC0DF /* SDWebImageTransition.m */; };
		EE510DCE21089072002EC0DF /* SDWebImageWebPCoder.m in Sources */ = {isa = PBXBuildFile; fileRef = EE510DA721089072002EC0DF /* SDWebImageWebPCoder.m */; };
		EE510DCF21089072002EC0DF /* UIButton+WebCache.m in Sources */ = {isa = PBXBuildFile; fileRef = EE510DA921089072002EC0DF /* UIButton+WebCache.m */; };
		EE510DD021089072002EC0DF /* UIImage+ForceDecode.m in Sources */ = {isa = PBXBuildFile; fileRef = EE510DAB21089072002EC0DF /* UIImage+ForceDecode.m */; };
		EE510DD121089072002EC0DF /* UIImage+GIF.m in Sources */ = {isa = PBXBuildFile; fileRef = EE510DAD21089072002EC0DF /* UIImage+GIF.m */; };
		EE510DD221089072002EC0DF /* UIImage+MultiFormat.m in Sources */ = {isa = PBXBuildFile; fileRef = EE510DAF21089072002EC0DF /* UIImage+MultiFormat.m */; };
		EE510DD321089072002EC0DF /* UIImage+WebP.m in Sources */ = {isa = PBXBuildFile; fileRef = EE510DB121089072002EC0DF /* UIImage+WebP.m */; };
		EE510DD421089072002EC0DF /* UIImageView+HighlightedWebCache.m in Sources */ = {isa = PBXBuildFile; fileRef = EE510DB321089072002EC0DF /* UIImageView+HighlightedWebCache.m */; };
		EE510DD521089072002EC0DF /* UIImageView+WebCache.m in Sources */ = {isa = PBXBuildFile; fileRef = EE510DB521089072002EC0DF /* UIImageView+WebCache.m */; };
		EE510DD621089072002EC0DF /* UIView+WebCache.m in Sources */ = {isa = PBXBuildFile; fileRef = EE510DB721089072002EC0DF /* UIView+WebCache.m */; };
		EE510DD721089072002EC0DF /* UIView+WebCacheOperation.m in Sources */ = {isa = PBXBuildFile; fileRef = EE510DB921089072002EC0DF /* UIView+WebCacheOperation.m */; };
		EE510DD821089072002EC0DF /* whiteplaceholder.png in Resources */ = {isa = PBXBuildFile; fileRef = EE510DBA21089072002EC0DF /* whiteplaceholder.png */; };
/* End PBXBuildFile section */

/* Begin PBXContainerItemProxy section */
		EE510CD720FE186B002EC0DF /* PBXContainerItemProxy */ = {
			isa = PBXContainerItemProxy;
			containerPortal = EE510CB620FE186B002EC0DF /* Project object */;
			proxyType = 1;
			remoteGlobalIDString = EE510CBD20FE186B002EC0DF;
			remoteInfo = HZVideoPlayer;
		};
		EE510CE220FE186B002EC0DF /* PBXContainerItemProxy */ = {
			isa = PBXContainerItemProxy;
			containerPortal = EE510CB620FE186B002EC0DF /* Project object */;
			proxyType = 1;
			remoteGlobalIDString = EE510CBD20FE186B002EC0DF;
			remoteInfo = HZVideoPlayer;
		};
/* End PBXContainerItemProxy section */

/* Begin PBXFileReference section */
		EE510CBE20FE186B002EC0DF /* HZVideoPlayer.app */ = {isa = PBXFileReference; explicitFileType = wrapper.application; includeInIndex = 0; path = HZVideoPlayer.app; sourceTree = BUILT_PRODUCTS_DIR; };
		EE510CC120FE186B002EC0DF /* AppDelegate.h */ = {isa = PBXFileReference; lastKnownFileType = sourcecode.c.h; path = AppDelegate.h; sourceTree = "<group>"; };
		EE510CC220FE186B002EC0DF /* AppDelegate.m */ = {isa = PBXFileReference; lastKnownFileType = sourcecode.c.objc; path = AppDelegate.m; sourceTree = "<group>"; };
		EE510CC420FE186B002EC0DF /* ViewController.h */ = {isa = PBXFileReference; lastKnownFileType = sourcecode.c.h; path = ViewController.h; sourceTree = "<group>"; };
		EE510CC520FE186B002EC0DF /* ViewController.m */ = {isa = PBXFileReference; lastKnownFileType = sourcecode.c.objc; path = ViewController.m; sourceTree = "<group>"; };
		EE510CC820FE186B002EC0DF /* Base */ = {isa = PBXFileReference; lastKnownFileType = file.storyboard; name = Base; path = Base.lproj/Main.storyboard; sourceTree = "<group>"; };
		EE510CCA20FE186B002EC0DF /* Assets.xcassets */ = {isa = PBXFileReference; lastKnownFileType = folder.assetcatalog; path = Assets.xcassets; sourceTree = "<group>"; };
		EE510CCD20FE186B002EC0DF /* Base */ = {isa = PBXFileReference; lastKnownFileType = file.storyboard; name = Base; path = Base.lproj/LaunchScreen.storyboard; sourceTree = "<group>"; };
		EE510CCF20FE186B002EC0DF /* Info.plist */ = {isa = PBXFileReference; lastKnownFileType = text.plist.xml; path = Info.plist; sourceTree = "<group>"; };
		EE510CD020FE186B002EC0DF /* main.m */ = {isa = PBXFileReference; lastKnownFileType = sourcecode.c.objc; path = main.m; sourceTree = "<group>"; };
		EE510CD620FE186B002EC0DF /* HZVideoPlayerTests.xctest */ = {isa = PBXFileReference; explicitFileType = wrapper.cfbundle; includeInIndex = 0; path = HZVideoPlayerTests.xctest; sourceTree = BUILT_PRODUCTS_DIR; };
		EE510CDA20FE186B002EC0DF /* HZVideoPlayerTests.m */ = {isa = PBXFileReference; lastKnownFileType = sourcecode.c.objc; path = HZVideoPlayerTests.m; sourceTree = "<group>"; };
		EE510CDC20FE186B002EC0DF /* Info.plist */ = {isa = PBXFileReference; lastKnownFileType = text.plist.xml; path = Info.plist; sourceTree = "<group>"; };
		EE510CE120FE186B002EC0DF /* HZVideoPlayerUITests.xctest */ = {isa = PBXFileReference; explicitFileType = wrapper.cfbundle; includeInIndex = 0; path = HZVideoPlayerUITests.xctest; sourceTree = BUILT_PRODUCTS_DIR; };
		EE510CE520FE186B002EC0DF /* HZVideoPlayerUITests.m */ = {isa = PBXFileReference; lastKnownFileType = sourcecode.c.objc; path = HZVideoPlayerUITests.m; sourceTree = "<group>"; };
		EE510CE720FE186B002EC0DF /* Info.plist */ = {isa = PBXFileReference; lastKnownFileType = text.plist.xml; path = Info.plist; sourceTree = "<group>"; };
		EE510CF320FE1B17002EC0DF /* HZVideoPlayer.h */ = {isa = PBXFileReference; lastKnownFileType = sourcecode.c.h; path = HZVideoPlayer.h; sourceTree = "<group>"; };
		EE510CF420FE1B17002EC0DF /* HZVideoPlayer.m */ = {isa = PBXFileReference; lastKnownFileType = sourcecode.c.objc; path = HZVideoPlayer.m; sourceTree = "<group>"; };
		EE510CFB20FEED52002EC0DF /* TopStyleViewController.h */ = {isa = PBXFileReference; lastKnownFileType = sourcecode.c.h; path = TopStyleViewController.h; sourceTree = "<group>"; };
		EE510CFC20FEED52002EC0DF /* TopStyleViewController.m */ = {isa = PBXFileReference; lastKnownFileType = sourcecode.c.objc; path = TopStyleViewController.m; sourceTree = "<group>"; };
		EE510CFE20FEED62002EC0DF /* InnerStyleViewController.h */ = {isa = PBXFileReference; lastKnownFileType = sourcecode.c.h; path = InnerStyleViewController.h; sourceTree = "<group>"; };
		EE510CFF20FEED62002EC0DF /* InnerStyleViewController.m */ = {isa = PBXFileReference; lastKnownFileType = sourcecode.c.objc; path = InnerStyleViewController.m; sourceTree = "<group>"; };
		EE510D0320FF203A002EC0DF /* HZVideoPlayer.bundle */ = {isa = PBXFileReference; lastKnownFileType = "wrapper.plug-in"; path = HZVideoPlayer.bundle; sourceTree = "<group>"; };
		EE510D0820FF6B32002EC0DF /* HZPlayerView.h */ = {isa = PBXFileReference; lastKnownFileType = sourcecode.c.h; path = HZPlayerView.h; sourceTree = "<group>"; };
		EE510D0920FF6B32002EC0DF /* HZPlayerView.m */ = {isa = PBXFileReference; lastKnownFileType = sourcecode.c.objc; path = HZPlayerView.m; sourceTree = "<group>"; };
		EE510D0B20FF73BB002EC0DF /* rzjt.MP4 */ = {isa = PBXFileReference; lastKnownFileType = file; path = rzjt.MP4; sourceTree = "<group>"; };
		EE510D3A21005F7E002EC0DF /* HZSliderView.h */ = {isa = PBXFileReference; fileEncoding = 4; lastKnownFileType = sourcecode.c.h; path = HZSliderView.h; sourceTree = "<group>"; };
		EE510D3B21005F7E002EC0DF /* HZSliderView.m */ = {isa = PBXFileReference; fileEncoding = 4; lastKnownFileType = sourcecode.c.objc; path = HZSliderView.m; sourceTree = "<group>"; };
		EE510D3D21005F9D002EC0DF /* UIView+HZFrame.h */ = {isa = PBXFileReference; fileEncoding = 4; lastKnownFileType = sourcecode.c.h; path = "UIView+HZFrame.h"; sourceTree = "<group>"; };
		EE510D3E21005F9D002EC0DF /* UIView+HZFrame.m */ = {isa = PBXFileReference; fileEncoding = 4; lastKnownFileType = sourcecode.c.objc; path = "UIView+HZFrame.m"; sourceTree = "<group>"; };
		EE510D4021016AE0002EC0DF /* HZPlayerGestureControl.m */ = {isa = PBXFileReference; fileEncoding = 4; lastKnownFileType = sourcecode.c.objc; path = HZPlayerGestureControl.m; sourceTree = "<group>"; };
		EE510D4121016AE0002EC0DF /* HZPlayerGestureControl.h */ = {isa = PBXFileReference; fileEncoding = 4; lastKnownFileType = sourcecode.c.h; path = HZPlayerGestureControl.h; sourceTree = "<group>"; };
		EE510D4C210201E4002EC0DF /* HZLoadingView.m */ = {isa = PBXFileReference; fileEncoding = 4; lastKnownFileType = sourcecode.c.objc; path = HZLoadingView.m; sourceTree = "<group>"; };
		EE510D4D210201E4002EC0DF /* HZLoadingView.h */ = {isa = PBXFileReference; fileEncoding = 4; lastKnownFileType = sourcecode.c.h; path = HZLoadingView.h; sourceTree = "<group>"; };
		EE510D4F2102E603002EC0DF /* HZGCDTimerManager.m */ = {isa = PBXFileReference; fileEncoding = 4; lastKnownFileType = sourcecode.c.objc; path = HZGCDTimerManager.m; sourceTree = "<group>"; };
		EE510D502102E603002EC0DF /* HZGCDTimerManager.h */ = {isa = PBXFileReference; fileEncoding = 4; lastKnownFileType = sourcecode.c.h; path = HZGCDTimerManager.h; sourceTree = "<group>"; };
		EE510D5221070A3E002EC0DF /* HZVolumeBrightnessView.h */ = {isa = PBXFileReference; lastKnownFileType = sourcecode.c.h; path = HZVolumeBrightnessView.h; sourceTree = "<group>"; };
		EE510D5321070A3E002EC0DF /* HZVolumeBrightnessView.m */ = {isa = PBXFileReference; lastKnownFileType = sourcecode.c.objc; path = HZVolumeBrightnessView.m; sourceTree = "<group>"; };
		EE510D55210718AB002EC0DF /* HZForwardBackwardView.h */ = {isa = PBXFileReference; lastKnownFileType = sourcecode.c.h; path = HZForwardBackwardView.h; sourceTree = "<group>"; };
		EE510D56210718AB002EC0DF /* HZForwardBackwardView.m */ = {isa = PBXFileReference; lastKnownFileType = sourcecode.c.objc; path = HZForwardBackwardView.m; sourceTree = "<group>"; };
		EE510D5821075A7E002EC0DF /* HZVideoPlayerCommon.h */ = {isa = PBXFileReference; lastKnownFileType = sourcecode.c.h; path = HZVideoPlayerCommon.h; sourceTree = "<group>"; };
		EE510D5921084FF7002EC0DF /* scrollViewController.h */ = {isa = PBXFileReference; lastKnownFileType = sourcecode.c.h; path = scrollViewController.h; sourceTree = "<group>"; };
		EE510D5A21084FF7002EC0DF /* scrollViewController.m */ = {isa = PBXFileReference; lastKnownFileType = sourcecode.c.objc; path = scrollViewController.m; sourceTree = "<group>"; };
		EE510D7F21089072002EC0DF /* MKAnnotationView+WebCache.h */ = {isa = PBXFileReference; fileEncoding = 4; lastKnownFileType = sourcecode.c.h; path = "MKAnnotationView+WebCache.h"; sourceTree = "<group>"; };
		EE510D8021089072002EC0DF /* MKAnnotationView+WebCache.m */ = {isa = PBXFileReference; fileEncoding = 4; lastKnownFileType = sourcecode.c.objc; path = "MKAnnotationView+WebCache.m"; sourceTree = "<group>"; };
		EE510D8121089072002EC0DF /* NSButton+WebCache.h */ = {isa = PBXFileReference; fileEncoding = 4; lastKnownFileType = sourcecode.c.h; path = "NSButton+WebCache.h"; sourceTree = "<group>"; };
		EE510D8221089072002EC0DF /* NSButton+WebCache.m */ = {isa = PBXFileReference; fileEncoding = 4; lastKnownFileType = sourcecode.c.objc; path = "NSButton+WebCache.m"; sourceTree = "<group>"; };
		EE510D8321089072002EC0DF /* NSData+ImageContentType.h */ = {isa = PBXFileReference; fileEncoding = 4; lastKnownFileType = sourcecode.c.h; path = "NSData+ImageContentType.h"; sourceTree = "<group>"; };
		EE510D8421089072002EC0DF /* NSData+ImageContentType.m */ = {isa = PBXFileReference; fileEncoding = 4; lastKnownFileType = sourcecode.c.objc; path = "NSData+ImageContentType.m"; sourceTree = "<group>"; };
		EE510D8521089072002EC0DF /* NSImage+WebCache.h */ = {isa = PBXFileReference; fileEncoding = 4; lastKnownFileType = sourcecode.c.h; path = "NSImage+WebCache.h"; sourceTree = "<group>"; };
		EE510D8621089072002EC0DF /* NSImage+WebCache.m */ = {isa = PBXFileReference; fileEncoding = 4; lastKnownFileType = sourcecode.c.objc; path = "NSImage+WebCache.m"; sourceTree = "<group>"; };
		EE510D8721089072002EC0DF /* SDAnimatedImageRep.h */ = {isa = PBXFileReference; fileEncoding = 4; lastKnownFileType = sourcecode.c.h; path = SDAnimatedImageRep.h; sourceTree = "<group>"; };
		EE510D8821089072002EC0DF /* SDAnimatedImageRep.m */ = {isa = PBXFileReference; fileEncoding = 4; lastKnownFileType = sourcecode.c.objc; path = SDAnimatedImageRep.m; sourceTree = "<group>"; };
		EE510D8921089072002EC0DF /* SDImageCache.h */ = {isa = PBXFileReference; fileEncoding = 4; lastKnownFileType = sourcecode.c.h; path = SDImageCache.h; sourceTree = "<group>"; };
		EE510D8A21089072002EC0DF /* SDImageCache.m */ = {isa = PBXFileReference; fileEncoding = 4; lastKnownFileType = sourcecode.c.objc; path = SDImageCache.m; sourceTree = "<group>"; };
		EE510D8B21089072002EC0DF /* SDImageCacheConfig.h */ = {isa = PBXFileReference; fileEncoding = 4; lastKnownFileType = sourcecode.c.h; path = SDImageCacheConfig.h; sourceTree = "<group>"; };
		EE510D8C21089072002EC0DF /* SDImageCacheConfig.m */ = {isa = PBXFileReference; fileEncoding = 4; lastKnownFileType = sourcecode.c.objc; path = SDImageCacheConfig.m; sourceTree = "<group>"; };
		EE510D8D21089072002EC0DF /* SDWebImageCoder.h */ = {isa = PBXFileReference; fileEncoding = 4; lastKnownFileType = sourcecode.c.h; path = SDWebImageCoder.h; sourceTree = "<group>"; };
		EE510D8E21089072002EC0DF /* SDWebImageCoder.m */ = {isa = PBXFileReference; fileEncoding = 4; lastKnownFileType = sourcecode.c.objc; path = SDWebImageCoder.m; sourceTree = "<group>"; };
		EE510D8F21089072002EC0DF /* SDWebImageCoderHelper.h */ = {isa = PBXFileReference; fileEncoding = 4; lastKnownFileType = sourcecode.c.h; path = SDWebImageCoderHelper.h; sourceTree = "<group>"; };
		EE510D9021089072002EC0DF /* SDWebImageCoderHelper.m */ = {isa = PBXFileReference; fileEncoding = 4; lastKnownFileType = sourcecode.c.objc; path = SDWebImageCoderHelper.m; sourceTree = "<group>"; };
		EE510D9121089072002EC0DF /* SDWebImageCodersManager.h */ = {isa = PBXFileReference; fileEncoding = 4; lastKnownFileType = sourcecode.c.h; path = SDWebImageCodersManager.h; sourceTree = "<group>"; };
		EE510D9221089072002EC0DF /* SDWebImageCodersManager.m */ = {isa = PBXFileReference; fileEncoding = 4; lastKnownFileType = sourcecode.c.objc; path = SDWebImageCodersManager.m; sourceTree = "<group>"; };
		EE510D9321089072002EC0DF /* SDWebImageCompat.h */ = {isa = PBXFileReference; fileEncoding = 4; lastKnownFileType = sourcecode.c.h; path = SDWebImageCompat.h; sourceTree = "<group>"; };
		EE510D9421089072002EC0DF /* SDWebImageCompat.m */ = {isa = PBXFileReference; fileEncoding = 4; lastKnownFileType = sourcecode.c.objc; path = SDWebImageCompat.m; sourceTree = "<group>"; };
		EE510D9521089072002EC0DF /* SDWebImageDownloader.h */ = {isa = PBXFileReference; fileEncoding = 4; lastKnownFileType = sourcecode.c.h; path = SDWebImageDownloader.h; sourceTree = "<group>"; };
		EE510D9621089072002EC0DF /* SDWebImageDownloader.m */ = {isa = PBXFileReference; fileEncoding = 4; lastKnownFileType = sourcecode.c.objc; path = SDWebImageDownloader.m; sourceTree = "<group>"; };
		EE510D9721089072002EC0DF /* SDWebImageDownloaderOperation.h */ = {isa = PBXFileReference; fileEncoding = 4; lastKnownFileType = sourcecode.c.h; path = SDWebImageDownloaderOperation.h; sourceTree = "<group>"; };
		EE510D9821089072002EC0DF /* SDWebImageDownloaderOperation.m */ = {isa = PBXFileReference; fileEncoding = 4; lastKnownFileType = sourcecode.c.objc; path = SDWebImageDownloaderOperation.m; sourceTree = "<group>"; };
		EE510D9921089072002EC0DF /* SDWebImageFrame.h */ = {isa = PBXFileReference; fileEncoding = 4; lastKnownFileType = sourcecode.c.h; path = SDWebImageFrame.h; sourceTree = "<group>"; };
		EE510D9A21089072002EC0DF /* SDWebImageFrame.m */ = {isa = PBXFileReference; fileEncoding = 4; lastKnownFileType = sourcecode.c.objc; path = SDWebImageFrame.m; sourceTree = "<group>"; };
		EE510D9B21089072002EC0DF /* SDWebImageGIFCoder.h */ = {isa = PBXFileReference; fileEncoding = 4; lastKnownFileType = sourcecode.c.h; path = SDWebImageGIFCoder.h; sourceTree = "<group>"; };
		EE510D9C21089072002EC0DF /* SDWebImageGIFCoder.m */ = {isa = PBXFileReference; fileEncoding = 4; lastKnownFileType = sourcecode.c.objc; path = SDWebImageGIFCoder.m; sourceTree = "<group>"; };
		EE510D9D21089072002EC0DF /* SDWebImageImageIOCoder.h */ = {isa = PBXFileReference; fileEncoding = 4; lastKnownFileType = sourcecode.c.h; path = SDWebImageImageIOCoder.h; sourceTree = "<group>"; };
		EE510D9E21089072002EC0DF /* SDWebImageImageIOCoder.m */ = {isa = PBXFileReference; fileEncoding = 4; lastKnownFileType = sourcecode.c.objc; path = SDWebImageImageIOCoder.m; sourceTree = "<group>"; };
		EE510D9F21089072002EC0DF /* SDWebImageManager.h */ = {isa = PBXFileReference; fileEncoding = 4; lastKnownFileType = sourcecode.c.h; path = SDWebImageManager.h; sourceTree = "<group>"; };
		EE510DA021089072002EC0DF /* SDWebImageManager.m */ = {isa = PBXFileReference; fileEncoding = 4; lastKnownFileType = sourcecode.c.objc; path = SDWebImageManager.m; sourceTree = "<group>"; };
		EE510DA121089072002EC0DF /* SDWebImageOperation.h */ = {isa = PBXFileReference; fileEncoding = 4; lastKnownFileType = sourcecode.c.h; path = SDWebImageOperation.h; sourceTree = "<group>"; };
		EE510DA221089072002EC0DF /* SDWebImagePrefetcher.h */ = {isa = PBXFileReference; fileEncoding = 4; lastKnownFileType = sourcecode.c.h; path = SDWebImagePrefetcher.h; sourceTree = "<group>"; };
		EE510DA321089072002EC0DF /* SDWebImagePrefetcher.m */ = {isa = PBXFileReference; fileEncoding = 4; lastKnownFileType = sourcecode.c.objc; path = SDWebImagePrefetcher.m; sourceTree = "<group>"; };
		EE510DA421089072002EC0DF /* SDWebImageTransition.h */ = {isa = PBXFileReference; fileEncoding = 4; lastKnownFileType = sourcecode.c.h; path = SDWebImageTransition.h; sourceTree = "<group>"; };
		EE510DA521089072002EC0DF /* SDWebImageTransition.m */ = {isa = PBXFileReference; fileEncoding = 4; lastKnownFileType = sourcecode.c.objc; path = SDWebImageTransition.m; sourceTree = "<group>"; };
		EE510DA621089072002EC0DF /* SDWebImageWebPCoder.h */ = {isa = PBXFileReference; fileEncoding = 4; lastKnownFileType = sourcecode.c.h; path = SDWebImageWebPCoder.h; sourceTree = "<group>"; };
		EE510DA721089072002EC0DF /* SDWebImageWebPCoder.m */ = {isa = PBXFileReference; fileEncoding = 4; lastKnownFileType = sourcecode.c.objc; path = SDWebImageWebPCoder.m; sourceTree = "<group>"; };
		EE510DA821089072002EC0DF /* UIButton+WebCache.h */ = {isa = PBXFileReference; fileEncoding = 4; lastKnownFileType = sourcecode.c.h; path = "UIButton+WebCache.h"; sourceTree = "<group>"; };
		EE510DA921089072002EC0DF /* UIButton+WebCache.m */ = {isa = PBXFileReference; fileEncoding = 4; lastKnownFileType = sourcecode.c.objc; path = "UIButton+WebCache.m"; sourceTree = "<group>"; };
		EE510DAA21089072002EC0DF /* UIImage+ForceDecode.h */ = {isa = PBXFileReference; fileEncoding = 4; lastKnownFileType = sourcecode.c.h; path = "UIImage+ForceDecode.h"; sourceTree = "<group>"; };
		EE510DAB21089072002EC0DF /* UIImage+ForceDecode.m */ = {isa = PBXFileReference; fileEncoding = 4; lastKnownFileType = sourcecode.c.objc; path = "UIImage+ForceDecode.m"; sourceTree = "<group>"; };
		EE510DAC21089072002EC0DF /* UIImage+GIF.h */ = {isa = PBXFileReference; fileEncoding = 4; lastKnownFileType = sourcecode.c.h; path = "UIImage+GIF.h"; sourceTree = "<group>"; };
		EE510DAD21089072002EC0DF /* UIImage+GIF.m */ = {isa = PBXFileReference; fileEncoding = 4; lastKnownFileType = sourcecode.c.objc; path = "UIImage+GIF.m"; sourceTree = "<group>"; };
		EE510DAE21089072002EC0DF /* UIImage+MultiFormat.h */ = {isa = PBXFileReference; fileEncoding = 4; lastKnownFileType = sourcecode.c.h; path = "UIImage+MultiFormat.h"; sourceTree = "<group>"; };
		EE510DAF21089072002EC0DF /* UIImage+MultiFormat.m */ = {isa = PBXFileReference; fileEncoding = 4; lastKnownFileType = sourcecode.c.objc; path = "UIImage+MultiFormat.m"; sourceTree = "<group>"; };
		EE510DB021089072002EC0DF /* UIImage+WebP.h */ = {isa = PBXFileReference; fileEncoding = 4; lastKnownFileType = sourcecode.c.h; path = "UIImage+WebP.h"; sourceTree = "<group>"; };
		EE510DB121089072002EC0DF /* UIImage+WebP.m */ = {isa = PBXFileReference; fileEncoding = 4; lastKnownFileType = sourcecode.c.objc; path = "UIImage+WebP.m"; sourceTree = "<group>"; };
		EE510DB221089072002EC0DF /* UIImageView+HighlightedWebCache.h */ = {isa = PBXFileReference; fileEncoding = 4; lastKnownFileType = sourcecode.c.h; path = "UIImageView+HighlightedWebCache.h"; sourceTree = "<group>"; };
		EE510DB321089072002EC0DF /* UIImageView+HighlightedWebCache.m */ = {isa = PBXFileReference; fileEncoding = 4; lastKnownFileType = sourcecode.c.objc; path = "UIImageView+HighlightedWebCache.m"; sourceTree = "<group>"; };
		EE510DB421089072002EC0DF /* UIImageView+WebCache.h */ = {isa = PBXFileReference; fileEncoding = 4; lastKnownFileType = sourcecode.c.h; path = "UIImageView+WebCache.h"; sourceTree = "<group>"; };
		EE510DB521089072002EC0DF /* UIImageView+WebCache.m */ = {isa = PBXFileReference; fileEncoding = 4; lastKnownFileType = sourcecode.c.objc; path = "UIImageView+WebCache.m"; sourceTree = "<group>"; };
		EE510DB621089072002EC0DF /* UIView+WebCache.h */ = {isa = PBXFileReference; fileEncoding = 4; lastKnownFileType = sourcecode.c.h; path = "UIView+WebCache.h"; sourceTree = "<group>"; };
		EE510DB721089072002EC0DF /* UIView+WebCache.m */ = {isa = PBXFileReference; fileEncoding = 4; lastKnownFileType = sourcecode.c.objc; path = "UIView+WebCache.m"; sourceTree = "<group>"; };
		EE510DB821089072002EC0DF /* UIView+WebCacheOperation.h */ = {isa = PBXFileReference; fileEncoding = 4; lastKnownFileType = sourcecode.c.h; path = "UIView+WebCacheOperation.h"; sourceTree = "<group>"; };
		EE510DB921089072002EC0DF /* UIView+WebCacheOperation.m */ = {isa = PBXFileReference; fileEncoding = 4; lastKnownFileType = sourcecode.c.objc; path = "UIView+WebCacheOperation.m"; sourceTree = "<group>"; };
		EE510DBA21089072002EC0DF /* whiteplaceholder.png */ = {isa = PBXFileReference; lastKnownFileType = image.png; path = whiteplaceholder.png; sourceTree = "<group>"; };
/* End PBXFileReference section */

/* Begin PBXFrameworksBuildPhase section */
		EE510CBB20FE186B002EC0DF /* Frameworks */ = {
			isa = PBXFrameworksBuildPhase;
			buildActionMask = 2147483647;
			files = (
			);
			runOnlyForDeploymentPostprocessing = 0;
		};
		EE510CD320FE186B002EC0DF /* Frameworks */ = {
			isa = PBXFrameworksBuildPhase;
			buildActionMask = 2147483647;
			files = (
			);
			runOnlyForDeploymentPostprocessing = 0;
		};
		EE510CDE20FE186B002EC0DF /* Frameworks */ = {
			isa = PBXFrameworksBuildPhase;
			buildActionMask = 2147483647;
			files = (
			);
			runOnlyForDeploymentPostprocessing = 0;
		};
/* End PBXFrameworksBuildPhase section */

/* Begin PBXGroup section */
		EE510CB520FE186B002EC0DF = {
			isa = PBXGroup;
			children = (
				EE510D0B20FF73BB002EC0DF /* rzjt.MP4 */,
				EE510CC020FE186B002EC0DF /* HZVideoPlayer */,
				EE510CD920FE186B002EC0DF /* HZVideoPlayerTests */,
				EE510CE420FE186B002EC0DF /* HZVideoPlayerUITests */,
				EE510CBF20FE186B002EC0DF /* Products */,
			);
			sourceTree = "<group>";
		};
		EE510CBF20FE186B002EC0DF /* Products */ = {
			isa = PBXGroup;
			children = (
				EE510CBE20FE186B002EC0DF /* HZVideoPlayer.app */,
				EE510CD620FE186B002EC0DF /* HZVideoPlayerTests.xctest */,
				EE510CE120FE186B002EC0DF /* HZVideoPlayerUITests.xctest */,
			);
			name = Products;
			sourceTree = "<group>";
		};
		EE510CC020FE186B002EC0DF /* HZVideoPlayer */ = {
			isa = PBXGroup;
			children = (
				EE510D7E21089072002EC0DF /* SDWebImage */,
				EE510CF920FED3A7002EC0DF /* HZVideoPlayer */,
				EE510CFB20FEED52002EC0DF /* TopStyleViewController.h */,
				EE510CFC20FEED52002EC0DF /* TopStyleViewController.m */,
				EE510CFE20FEED62002EC0DF /* InnerStyleViewController.h */,
				EE510CFF20FEED62002EC0DF /* InnerStyleViewController.m */,
				EE510D5921084FF7002EC0DF /* scrollViewController.h */,
				EE510D5A21084FF7002EC0DF /* scrollViewController.m */,
				EE510CC120FE186B002EC0DF /* AppDelegate.h */,
				EE510CC220FE186B002EC0DF /* AppDelegate.m */,
				EE510CC420FE186B002EC0DF /* ViewController.h */,
				EE510CC520FE186B002EC0DF /* ViewController.m */,
				EE510CC720FE186B002EC0DF /* Main.storyboard */,
				EE510CCA20FE186B002EC0DF /* Assets.xcassets */,
				EE510CCC20FE186B002EC0DF /* LaunchScreen.storyboard */,
				EE510CCF20FE186B002EC0DF /* Info.plist */,
				EE510CD020FE186B002EC0DF /* main.m */,
			);
			path = HZVideoPlayer;
			sourceTree = "<group>";
		};
		EE510CD920FE186B002EC0DF /* HZVideoPlayerTests */ = {
			isa = PBXGroup;
			children = (
				EE510CDA20FE186B002EC0DF /* HZVideoPlayerTests.m */,
				EE510CDC20FE186B002EC0DF /* Info.plist */,
			);
			path = HZVideoPlayerTests;
			sourceTree = "<group>";
		};
		EE510CE420FE186B002EC0DF /* HZVideoPlayerUITests */ = {
			isa = PBXGroup;
			children = (
				EE510CE520FE186B002EC0DF /* HZVideoPlayerUITests.m */,
				EE510CE720FE186B002EC0DF /* Info.plist */,
			);
			path = HZVideoPlayerUITests;
			sourceTree = "<group>";
		};
		EE510CF920FED3A7002EC0DF /* HZVideoPlayer */ = {
			isa = PBXGroup;
			children = (
				EE510D5821075A7E002EC0DF /* HZVideoPlayerCommon.h */,
				EE510CF320FE1B17002EC0DF /* HZVideoPlayer.h */,
				EE510CF420FE1B17002EC0DF /* HZVideoPlayer.m */,
				EE510D0820FF6B32002EC0DF /* HZPlayerView.h */,
				EE510D0920FF6B32002EC0DF /* HZPlayerView.m */,
				EE510D502102E603002EC0DF /* HZGCDTimerManager.h */,
				EE510D4F2102E603002EC0DF /* HZGCDTimerManager.m */,
				EE510D4D210201E4002EC0DF /* HZLoadingView.h */,
				EE510D4C210201E4002EC0DF /* HZLoadingView.m */,
				EE510D4121016AE0002EC0DF /* HZPlayerGestureControl.h */,
				EE510D4021016AE0002EC0DF /* HZPlayerGestureControl.m */,
				EE510D3D21005F9D002EC0DF /* UIView+HZFrame.h */,
				EE510D3E21005F9D002EC0DF /* UIView+HZFrame.m */,
				EE510D3A21005F7E002EC0DF /* HZSliderView.h */,
				EE510D3B21005F7E002EC0DF /* HZSliderView.m */,
				EE510D5221070A3E002EC0DF /* HZVolumeBrightnessView.h */,
				EE510D5321070A3E002EC0DF /* HZVolumeBrightnessView.m */,
				EE510D55210718AB002EC0DF /* HZForwardBackwardView.h */,
				EE510D56210718AB002EC0DF /* HZForwardBackwardView.m */,
				EE510D0320FF203A002EC0DF /* HZVideoPlayer.bundle */,
			);
			path = HZVideoPlayer;
			sourceTree = "<group>";
		};
		EE510D7E21089072002EC0DF /* SDWebImage */ = {
			isa = PBXGroup;
			children = (
				EE510D7F21089072002EC0DF /* MKAnnotationView+WebCache.h */,
				EE510D8021089072002EC0DF /* MKAnnotationView+WebCache.m */,
				EE510D8121089072002EC0DF /* NSButton+WebCache.h */,
				EE510D8221089072002EC0DF /* NSButton+WebCache.m */,
				EE510D8321089072002EC0DF /* NSData+ImageContentType.h */,
				EE510D8421089072002EC0DF /* NSData+ImageContentType.m */,
				EE510D8521089072002EC0DF /* NSImage+WebCache.h */,
				EE510D8621089072002EC0DF /* NSImage+WebCache.m */,
				EE510D8721089072002EC0DF /* SDAnimatedImageRep.h */,
				EE510D8821089072002EC0DF /* SDAnimatedImageRep.m */,
				EE510D8921089072002EC0DF /* SDImageCache.h */,
				EE510D8A21089072002EC0DF /* SDImageCache.m */,
				EE510D8B21089072002EC0DF /* SDImageCacheConfig.h */,
				EE510D8C21089072002EC0DF /* SDImageCacheConfig.m */,
				EE510D8D21089072002EC0DF /* SDWebImageCoder.h */,
				EE510D8E21089072002EC0DF /* SDWebImageCoder.m */,
				EE510D8F21089072002EC0DF /* SDWebImageCoderHelper.h */,
				EE510D9021089072002EC0DF /* SDWebImageCoderHelper.m */,
				EE510D9121089072002EC0DF /* SDWebImageCodersManager.h */,
				EE510D9221089072002EC0DF /* SDWebImageCodersManager.m */,
				EE510D9321089072002EC0DF /* SDWebImageCompat.h */,
				EE510D9421089072002EC0DF /* SDWebImageCompat.m */,
				EE510D9521089072002EC0DF /* SDWebImageDownloader.h */,
				EE510D9621089072002EC0DF /* SDWebImageDownloader.m */,
				EE510D9721089072002EC0DF /* SDWebImageDownloaderOperation.h */,
				EE510D9821089072002EC0DF /* SDWebImageDownloaderOperation.m */,
				EE510D9921089072002EC0DF /* SDWebImageFrame.h */,
				EE510D9A21089072002EC0DF /* SDWebImageFrame.m */,
				EE510D9B21089072002EC0DF /* SDWebImageGIFCoder.h */,
				EE510D9C21089072002EC0DF /* SDWebImageGIFCoder.m */,
				EE510D9D21089072002EC0DF /* SDWebImageImageIOCoder.h */,
				EE510D9E21089072002EC0DF /* SDWebImageImageIOCoder.m */,
				EE510D9F21089072002EC0DF /* SDWebImageManager.h */,
				EE510DA021089072002EC0DF /* SDWebImageManager.m */,
				EE510DA121089072002EC0DF /* SDWebImageOperation.h */,
				EE510DA221089072002EC0DF /* SDWebImagePrefetcher.h */,
				EE510DA321089072002EC0DF /* SDWebImagePrefetcher.m */,
				EE510DA421089072002EC0DF /* SDWebImageTransition.h */,
				EE510DA521089072002EC0DF /* SDWebImageTransition.m */,
				EE510DA621089072002EC0DF /* SDWebImageWebPCoder.h */,
				EE510DA721089072002EC0DF /* SDWebImageWebPCoder.m */,
				EE510DA821089072002EC0DF /* UIButton+WebCache.h */,
				EE510DA921089072002EC0DF /* UIButton+WebCache.m */,
				EE510DAA21089072002EC0DF /* UIImage+ForceDecode.h */,
				EE510DAB21089072002EC0DF /* UIImage+ForceDecode.m */,
				EE510DAC21089072002EC0DF /* UIImage+GIF.h */,
				EE510DAD21089072002EC0DF /* UIImage+GIF.m */,
				EE510DAE21089072002EC0DF /* UIImage+MultiFormat.h */,
				EE510DAF21089072002EC0DF /* UIImage+MultiFormat.m */,
				EE510DB021089072002EC0DF /* UIImage+WebP.h */,
				EE510DB121089072002EC0DF /* UIImage+WebP.m */,
				EE510DB221089072002EC0DF /* UIImageView+HighlightedWebCache.h */,
				EE510DB321089072002EC0DF /* UIImageView+HighlightedWebCache.m */,
				EE510DB421089072002EC0DF /* UIImageView+WebCache.h */,
				EE510DB521089072002EC0DF /* UIImageView+WebCache.m */,
				EE510DB621089072002EC0DF /* UIView+WebCache.h */,
				EE510DB721089072002EC0DF /* UIView+WebCache.m */,
				EE510DB821089072002EC0DF /* UIView+WebCacheOperation.h */,
				EE510DB921089072002EC0DF /* UIView+WebCacheOperation.m */,
				EE510DBA21089072002EC0DF /* whiteplaceholder.png */,
			);
			path = SDWebImage;
			sourceTree = "<group>";
		};
/* End PBXGroup section */

/* Begin PBXNativeTarget section */
		EE510CBD20FE186B002EC0DF /* HZVideoPlayer */ = {
			isa = PBXNativeTarget;
			buildConfigurationList = EE510CEA20FE186B002EC0DF /* Build configuration list for PBXNativeTarget "HZVideoPlayer" */;
			buildPhases = (
				EE510CBA20FE186B002EC0DF /* Sources */,
				EE510CBB20FE186B002EC0DF /* Frameworks */,
				EE510CBC20FE186B002EC0DF /* Resources */,
			);
			buildRules = (
			);
			dependencies = (
			);
			name = HZVideoPlayer;
			productName = HZVideoPlayer;
			productReference = EE510CBE20FE186B002EC0DF /* HZVideoPlayer.app */;
			productType = "com.apple.product-type.application";
		};
		EE510CD520FE186B002EC0DF /* HZVideoPlayerTests */ = {
			isa = PBXNativeTarget;
			buildConfigurationList = EE510CED20FE186B002EC0DF /* Build configuration list for PBXNativeTarget "HZVideoPlayerTests" */;
			buildPhases = (
				EE510CD220FE186B002EC0DF /* Sources */,
				EE510CD320FE186B002EC0DF /* Frameworks */,
				EE510CD420FE186B002EC0DF /* Resources */,
			);
			buildRules = (
			);
			dependencies = (
				EE510CD820FE186B002EC0DF /* PBXTargetDependency */,
			);
			name = HZVideoPlayerTests;
			productName = HZVideoPlayerTests;
			productReference = EE510CD620FE186B002EC0DF /* HZVideoPlayerTests.xctest */;
			productType = "com.apple.product-type.bundle.unit-test";
		};
		EE510CE020FE186B002EC0DF /* HZVideoPlayerUITests */ = {
			isa = PBXNativeTarget;
			buildConfigurationList = EE510CF020FE186B002EC0DF /* Build configuration list for PBXNativeTarget "HZVideoPlayerUITests" */;
			buildPhases = (
				EE510CDD20FE186B002EC0DF /* Sources */,
				EE510CDE20FE186B002EC0DF /* Frameworks */,
				EE510CDF20FE186B002EC0DF /* Resources */,
			);
			buildRules = (
			);
			dependencies = (
				EE510CE320FE186B002EC0DF /* PBXTargetDependency */,
			);
			name = HZVideoPlayerUITests;
			productName = HZVideoPlayerUITests;
			productReference = EE510CE120FE186B002EC0DF /* HZVideoPlayerUITests.xctest */;
			productType = "com.apple.product-type.bundle.ui-testing";
		};
/* End PBXNativeTarget section */

/* Begin PBXProject section */
		EE510CB620FE186B002EC0DF /* Project object */ = {
			isa = PBXProject;
			attributes = {
				LastUpgradeCheck = 0910;
				ORGANIZATIONNAME = huangzhenyu;
				TargetAttributes = {
					EE510CBD20FE186B002EC0DF = {
						CreatedOnToolsVersion = 9.1;
						ProvisioningStyle = Automatic;
					};
					EE510CD520FE186B002EC0DF = {
						CreatedOnToolsVersion = 9.1;
						ProvisioningStyle = Automatic;
						TestTargetID = EE510CBD20FE186B002EC0DF;
					};
					EE510CE020FE186B002EC0DF = {
						CreatedOnToolsVersion = 9.1;
						ProvisioningStyle = Automatic;
						TestTargetID = EE510CBD20FE186B002EC0DF;
					};
				};
			};
			buildConfigurationList = EE510CB920FE186B002EC0DF /* Build configuration list for PBXProject "HZVideoPlayer" */;
			compatibilityVersion = "Xcode 8.0";
			developmentRegion = en;
			hasScannedForEncodings = 0;
			knownRegions = (
				en,
				Base,
			);
			mainGroup = EE510CB520FE186B002EC0DF;
			productRefGroup = EE510CBF20FE186B002EC0DF /* Products */;
			projectDirPath = "";
			projectRoot = "";
			targets = (
				EE510CBD20FE186B002EC0DF /* HZVideoPlayer */,
				EE510CD520FE186B002EC0DF /* HZVideoPlayerTests */,
				EE510CE020FE186B002EC0DF /* HZVideoPlayerUITests */,
			);
		};
/* End PBXProject section */

/* Begin PBXResourcesBuildPhase section */
		EE510CBC20FE186B002EC0DF /* Resources */ = {
			isa = PBXResourcesBuildPhase;
			buildActionMask = 2147483647;
			files = (
				EE510CCE20FE186B002EC0DF /* LaunchScreen.storyboard in Resources */,
				EE510DD821089072002EC0DF /* whiteplaceholder.png in Resources */,
				EE510CCB20FE186B002EC0DF /* Assets.xcassets in Resources */,
				EE510D0420FF203A002EC0DF /* HZVideoPlayer.bundle in Resources */,
				EE510CC920FE186B002EC0DF /* Main.storyboard in Resources */,
				EE510D0C20FF73BB002EC0DF /* rzjt.MP4 in Resources */,
			);
			runOnlyForDeploymentPostprocessing = 0;
		};
		EE510CD420FE186B002EC0DF /* Resources */ = {
			isa = PBXResourcesBuildPhase;
			buildActionMask = 2147483647;
			files = (
			);
			runOnlyForDeploymentPostprocessing = 0;
		};
		EE510CDF20FE186B002EC0DF /* Resources */ = {
			isa = PBXResourcesBuildPhase;
			buildActionMask = 2147483647;
			files = (
			);
			runOnlyForDeploymentPostprocessing = 0;
		};
/* End PBXResourcesBuildPhase section */

/* Begin PBXSourcesBuildPhase section */
		EE510CBA20FE186B002EC0DF /* Sources */ = {
			isa = PBXSourcesBuildPhase;
			buildActionMask = 2147483647;
			files = (
				EE510DC921089072002EC0DF /* SDWebImageGIFCoder.m in Sources */,
				EE510DCB21089072002EC0DF /* SDWebImageManager.m in Sources */,
				EE510D4221016AE1002EC0DF /* HZPlayerGestureControl.m in Sources */,
				EE510DBB21089072002EC0DF /* MKAnnotationView+WebCache.m in Sources */,
				EE510DD721089072002EC0DF /* UIView+WebCacheOperation.m in Sources */,
				EE510DD021089072002EC0DF /* UIImage+ForceDecode.m in Sources */,
				EE510D5421070A3E002EC0DF /* HZVolumeBrightnessView.m in Sources */,
				EE510DBF21089072002EC0DF /* SDAnimatedImageRep.m in Sources */,
				EE510CF520FE1B17002EC0DF /* HZVideoPlayer.m in Sources */,
				EE510DBD21089072002EC0DF /* NSData+ImageContentType.m in Sources */,
				EE510CC620FE186B002EC0DF /* ViewController.m in Sources */,
				EE510DC321089072002EC0DF /* SDWebImageCoderHelper.m in Sources */,
				EE510D5B21084FF7002EC0DF /* scrollViewController.m in Sources */,
				EE510CD120FE186B002EC0DF /* main.m in Sources */,
				EE510DD221089072002EC0DF /* UIImage+MultiFormat.m in Sources */,
				EE510DC621089072002EC0DF /* SDWebImageDownloader.m in Sources */,
				EE510DBC21089072002EC0DF /* NSButton+WebCache.m in Sources */,
				EE510D3F21005F9D002EC0DF /* UIView+HZFrame.m in Sources */,
				EE510DD121089072002EC0DF /* UIImage+GIF.m in Sources */,
				EE510DC121089072002EC0DF /* SDImageCacheConfig.m in Sources */,
				EE510DCD21089072002EC0DF /* SDWebImageTransition.m in Sources */,
				EE510D3C21005F7E002EC0DF /* HZSliderView.m in Sources */,
				EE510D4E210201E4002EC0DF /* HZLoadingView.m in Sources */,
				EE510DC021089072002EC0DF /* SDImageCache.m in Sources */,
				EE510DC421089072002EC0DF /* SDWebImageCodersManager.m in Sources */,
				EE510DC721089072002EC0DF /* SDWebImageDownloaderOperation.m in Sources */,
				EE510DD621089072002EC0DF /* UIView+WebCache.m in Sources */,
				EE510DC521089072002EC0DF /* SDWebImageCompat.m in Sources */,
				EE510DCA21089072002EC0DF /* SDWebImageImageIOCoder.m in Sources */,
				EE510DD321089072002EC0DF /* UIImage+WebP.m in Sources */,
				EE510DBE21089072002EC0DF /* NSImage+WebCache.m in Sources */,
				EE510DCF21089072002EC0DF /* UIButton+WebCache.m in Sources */,
				EE510D512102E603002EC0DF /* HZGCDTimerManager.m in Sources */,
				EE510D0020FEED62002EC0DF /* InnerStyleViewController.m in Sources */,
				EE510DD521089072002EC0DF /* UIImageView+WebCache.m in Sources */,
				EE510DC221089072002EC0DF /* SDWebImageCoder.m in Sources */,
				EE510CFD20FEED52002EC0DF /* TopStyleViewController.m in Sources */,
				EE510DCE21089072002EC0DF /* SDWebImageWebPCoder.m in Sources */,
				EE510D57210718AB002EC0DF /* HZForwardBackwardView.m in Sources */,
				EE510CC320FE186B002EC0DF /* AppDelegate.m in Sources */,
				EE510DCC21089072002EC0DF /* SDWebImagePrefetcher.m in Sources */,
				EE510DD421089072002EC0DF /* UIImageView+HighlightedWebCache.m in Sources */,
				EE510D0A20FF6B32002EC0DF /* HZPlayerView.m in Sources */,
				EE510DC821089072002EC0DF /* SDWebImageFrame.m in Sources */,
			);
			runOnlyForDeploymentPostprocessing = 0;
		};
		EE510CD220FE186B002EC0DF /* Sources */ = {
			isa = PBXSourcesBuildPhase;
			buildActionMask = 2147483647;
			files = (
				EE510CDB20FE186B002EC0DF /* HZVideoPlayerTests.m in Sources */,
			);
			runOnlyForDeploymentPostprocessing = 0;
		};
		EE510CDD20FE186B002EC0DF /* Sources */ = {
			isa = PBXSourcesBuildPhase;
			buildActionMask = 2147483647;
			files = (
				EE510CE620FE186B002EC0DF /* HZVideoPlayerUITests.m in Sources */,
			);
			runOnlyForDeploymentPostprocessing = 0;
		};
/* End PBXSourcesBuildPhase section */

/* Begin PBXTargetDependency section */
		EE510CD820FE186B002EC0DF /* PBXTargetDependency */ = {
			isa = PBXTargetDependency;
			target = EE510CBD20FE186B002EC0DF /* HZVideoPlayer */;
			targetProxy = EE510CD720FE186B002EC0DF /* PBXContainerItemProxy */;
		};
		EE510CE320FE186B002EC0DF /* PBXTargetDependency */ = {
			isa = PBXTargetDependency;
			target = EE510CBD20FE186B002EC0DF /* HZVideoPlayer */;
			targetProxy = EE510CE220FE186B002EC0DF /* PBXContainerItemProxy */;
		};
/* End PBXTargetDependency section */

/* Begin PBXVariantGroup section */
		EE510CC720FE186B002EC0DF /* Main.storyboard */ = {
			isa = PBXVariantGroup;
			children = (
				EE510CC820FE186B002EC0DF /* Base */,
			);
			name = Main.storyboard;
			sourceTree = "<group>";
		};
		EE510CCC20FE186B002EC0DF /* LaunchScreen.storyboard */ = {
			isa = PBXVariantGroup;
			children = (
				EE510CCD20FE186B002EC0DF /* Base */,
			);
			name = LaunchScreen.storyboard;
			sourceTree = "<group>";
		};
/* End PBXVariantGroup section */

/* Begin XCBuildConfiguration section */
		EE510CE820FE186B002EC0DF /* Debug */ = {
			isa = XCBuildConfiguration;
			buildSettings = {
				ALWAYS_SEARCH_USER_PATHS = NO;
				CLANG_ANALYZER_NONNULL = YES;
				CLANG_ANALYZER_NUMBER_OBJECT_CONVERSION = YES_AGGRESSIVE;
				CLANG_CXX_LANGUAGE_STANDARD = "gnu++14";
				CLANG_CXX_LIBRARY = "libc++";
				CLANG_ENABLE_MODULES = YES;
				CLANG_ENABLE_OBJC_ARC = YES;
				CLANG_WARN_BLOCK_CAPTURE_AUTORELEASING = YES;
				CLANG_WARN_BOOL_CONVERSION = YES;
				CLANG_WARN_COMMA = YES;
				CLANG_WARN_CONSTANT_CONVERSION = YES;
				CLANG_WARN_DIRECT_OBJC_ISA_USAGE = YES_ERROR;
				CLANG_WARN_DOCUMENTATION_COMMENTS = YES;
				CLANG_WARN_EMPTY_BODY = YES;
				CLANG_WARN_ENUM_CONVERSION = YES;
				CLANG_WARN_INFINITE_RECURSION = YES;
				CLANG_WARN_INT_CONVERSION = YES;
				CLANG_WARN_NON_LITERAL_NULL_CONVERSION = YES;
				CLANG_WARN_OBJC_LITERAL_CONVERSION = YES;
				CLANG_WARN_OBJC_ROOT_CLASS = YES_ERROR;
				CLANG_WARN_RANGE_LOOP_ANALYSIS = YES;
				CLANG_WARN_STRICT_PROTOTYPES = YES;
				CLANG_WARN_SUSPICIOUS_MOVE = YES;
				CLANG_WARN_UNGUARDED_AVAILABILITY = YES_AGGRESSIVE;
				CLANG_WARN_UNREACHABLE_CODE = YES;
				CLANG_WARN__DUPLICATE_METHOD_MATCH = YES;
				CODE_SIGN_IDENTITY = "iPhone Developer";
				COPY_PHASE_STRIP = NO;
				DEBUG_INFORMATION_FORMAT = dwarf;
				ENABLE_STRICT_OBJC_MSGSEND = YES;
				ENABLE_TESTABILITY = YES;
				GCC_C_LANGUAGE_STANDARD = gnu11;
				GCC_DYNAMIC_NO_PIC = NO;
				GCC_NO_COMMON_BLOCKS = YES;
				GCC_OPTIMIZATION_LEVEL = 0;
				GCC_PREPROCESSOR_DEFINITIONS = (
					"DEBUG=1",
					"$(inherited)",
				);
				GCC_WARN_64_TO_32_BIT_CONVERSION = YES;
				GCC_WARN_ABOUT_RETURN_TYPE = YES_ERROR;
				GCC_WARN_UNDECLARED_SELECTOR = YES;
				GCC_WARN_UNINITIALIZED_AUTOS = YES_AGGRESSIVE;
				GCC_WARN_UNUSED_FUNCTION = YES;
				GCC_WARN_UNUSED_VARIABLE = YES;
				IPHONEOS_DEPLOYMENT_TARGET = 11.1;
				MTL_ENABLE_DEBUG_INFO = YES;
				ONLY_ACTIVE_ARCH = YES;
				SDKROOT = iphoneos;
			};
			name = Debug;
		};
		EE510CE920FE186B002EC0DF /* Release */ = {
			isa = XCBuildConfiguration;
			buildSettings = {
				ALWAYS_SEARCH_USER_PATHS = NO;
				CLANG_ANALYZER_NONNULL = YES;
				CLANG_ANALYZER_NUMBER_OBJECT_CONVERSION = YES_AGGRESSIVE;
				CLANG_CXX_LANGUAGE_STANDARD = "gnu++14";
				CLANG_CXX_LIBRARY = "libc++";
				CLANG_ENABLE_MODULES = YES;
				CLANG_ENABLE_OBJC_ARC = YES;
				CLANG_WARN_BLOCK_CAPTURE_AUTORELEASING = YES;
				CLANG_WARN_BOOL_CONVERSION = YES;
				CLANG_WARN_COMMA = YES;
				CLANG_WARN_CONSTANT_CONVERSION = YES;
				CLANG_WARN_DIRECT_OBJC_ISA_USAGE = YES_ERROR;
				CLANG_WARN_DOCUMENTATION_COMMENTS = YES;
				CLANG_WARN_EMPTY_BODY = YES;
				CLANG_WARN_ENUM_CONVERSION = YES;
				CLANG_WARN_INFINITE_RECURSION = YES;
				CLANG_WARN_INT_CONVERSION = YES;
				CLANG_WARN_NON_LITERAL_NULL_CONVERSION = YES;
				CLANG_WARN_OBJC_LITERAL_CONVERSION = YES;
				CLANG_WARN_OBJC_ROOT_CLASS = YES_ERROR;
				CLANG_WARN_RANGE_LOOP_ANALYSIS = YES;
				CLANG_WARN_STRICT_PROTOTYPES = YES;
				CLANG_WARN_SUSPICIOUS_MOVE = YES;
				CLANG_WARN_UNGUARDED_AVAILABILITY = YES_AGGRESSIVE;
				CLANG_WARN_UNREACHABLE_CODE = YES;
				CLANG_WARN__DUPLICATE_METHOD_MATCH = YES;
				CODE_SIGN_IDENTITY = "iPhone Developer";
				COPY_PHASE_STRIP = NO;
				DEBUG_INFORMATION_FORMAT = "dwarf-with-dsym";
				ENABLE_NS_ASSERTIONS = NO;
				ENABLE_STRICT_OBJC_MSGSEND = YES;
				GCC_C_LANGUAGE_STANDARD = gnu11;
				GCC_NO_COMMON_BLOCKS = YES;
				GCC_WARN_64_TO_32_BIT_CONVERSION = YES;
				GCC_WARN_ABOUT_RETURN_TYPE = YES_ERROR;
				GCC_WARN_UNDECLARED_SELECTOR = YES;
				GCC_WARN_UNINITIALIZED_AUTOS = YES_AGGRESSIVE;
				GCC_WARN_UNUSED_FUNCTION = YES;
				GCC_WARN_UNUSED_VARIABLE = YES;
				IPHONEOS_DEPLOYMENT_TARGET = 11.1;
				MTL_ENABLE_DEBUG_INFO = NO;
				SDKROOT = iphoneos;
				VALIDATE_PRODUCT = YES;
			};
			name = Release;
		};
		EE510CEB20FE186B002EC0DF /* Debug */ = {
			isa = XCBuildConfiguration;
			buildSettings = {
				ASSETCATALOG_COMPILER_APPICON_NAME = AppIcon;
				CODE_SIGN_STYLE = Automatic;
				DEVELOPMENT_TEAM = CU5KU23LFX;
				INFOPLIST_FILE = HZVideoPlayer/Info.plist;
				IPHONEOS_DEPLOYMENT_TARGET = 8.0;
				LD_RUNPATH_SEARCH_PATHS = "$(inherited) @executable_path/Frameworks";
				PRODUCT_BUNDLE_IDENTIFIER = com.retech.HZVideoPlayer;
				PRODUCT_NAME = "$(TARGET_NAME)";
				TARGETED_DEVICE_FAMILY = "1,2";
			};
			name = Debug;
		};
		EE510CEC20FE186B002EC0DF /* Release */ = {
			isa = XCBuildConfiguration;
			buildSettings = {
				ASSETCATALOG_COMPILER_APPICON_NAME = AppIcon;
				CODE_SIGN_STYLE = Automatic;
				DEVELOPMENT_TEAM = CU5KU23LFX;
				INFOPLIST_FILE = HZVideoPlayer/Info.plist;
				IPHONEOS_DEPLOYMENT_TARGET = 8.0;
				LD_RUNPATH_SEARCH_PATHS = "$(inherited) @executable_path/Frameworks";
				PRODUCT_BUNDLE_IDENTIFIER = com.retech.HZVideoPlayer;
				PRODUCT_NAME = "$(TARGET_NAME)";
				TARGETED_DEVICE_FAMILY = "1,2";
			};
			name = Release;
		};
		EE510CEE20FE186B002EC0DF /* Debug */ = {
			isa = XCBuildConfiguration;
			buildSettings = {
				BUNDLE_LOADER = "$(TEST_HOST)";
				CODE_SIGN_STYLE = Automatic;
				INFOPLIST_FILE = HZVideoPlayerTests/Info.plist;
				LD_RUNPATH_SEARCH_PATHS = "$(inherited) @executable_path/Frameworks @loader_path/Frameworks";
				PRODUCT_BUNDLE_IDENTIFIER = com.retech.HZVideoPlayerTests;
				PRODUCT_NAME = "$(TARGET_NAME)";
				TARGETED_DEVICE_FAMILY = "1,2";
				TEST_HOST = "$(BUILT_PRODUCTS_DIR)/HZVideoPlayer.app/HZVideoPlayer";
			};
			name = Debug;
		};
		EE510CEF20FE186B002EC0DF /* Release */ = {
			isa = XCBuildConfiguration;
			buildSettings = {
				BUNDLE_LOADER = "$(TEST_HOST)";
				CODE_SIGN_STYLE = Automatic;
				INFOPLIST_FILE = HZVideoPlayerTests/Info.plist;
				LD_RUNPATH_SEARCH_PATHS = "$(inherited) @executable_path/Frameworks @loader_path/Frameworks";
				PRODUCT_BUNDLE_IDENTIFIER = com.retech.HZVideoPlayerTests;
				PRODUCT_NAME = "$(TARGET_NAME)";
				TARGETED_DEVICE_FAMILY = "1,2";
				TEST_HOST = "$(BUILT_PRODUCTS_DIR)/HZVideoPlayer.app/HZVideoPlayer";
			};
			name = Release;
		};
		EE510CF120FE186B002EC0DF /* Debug */ = {
			isa = XCBuildConfiguration;
			buildSettings = {
				CODE_SIGN_STYLE = Automatic;
				INFOPLIST_FILE = HZVideoPlayerUITests/Info.plist;
				LD_RUNPATH_SEARCH_PATHS = "$(inherited) @executable_path/Frameworks @loader_path/Frameworks";
				PRODUCT_BUNDLE_IDENTIFIER = com.retech.HZVideoPlayerUITests;
				PRODUCT_NAME = "$(TARGET_NAME)";
				TARGETED_DEVICE_FAMILY = "1,2";
				TEST_TARGET_NAME = HZVideoPlayer;
			};
			name = Debug;
		};
		EE510CF220FE186B002EC0DF /* Release */ = {
			isa = XCBuildConfiguration;
			buildSettings = {
				CODE_SIGN_STYLE = Automatic;
				INFOPLIST_FILE = HZVideoPlayerUITests/Info.plist;
				LD_RUNPATH_SEARCH_PATHS = "$(inherited) @executable_path/Frameworks @loader_path/Frameworks";
				PRODUCT_BUNDLE_IDENTIFIER = com.retech.HZVideoPlayerUITests;
				PRODUCT_NAME = "$(TARGET_NAME)";
				TARGETED_DEVICE_FAMILY = "1,2";
				TEST_TARGET_NAME = HZVideoPlayer;
			};
			name = Release;
		};
/* End XCBuildConfiguration section */

/* Begin XCConfigurationList section */
		EE510CB920FE186B002EC0DF /* Build configuration list for PBXProject "HZVideoPlayer" */ = {
			isa = XCConfigurationList;
			buildConfigurations = (
				EE510CE820FE186B002EC0DF /* Debug */,
				EE510CE920FE186B002EC0DF /* Release */,
			);
			defaultConfigurationIsVisible = 0;
			defaultConfigurationName = Release;
		};
		EE510CEA20FE186B002EC0DF /* Build configuration list for PBXNativeTarget "HZVideoPlayer" */ = {
			isa = XCConfigurationList;
			buildConfigurations = (
				EE510CEB20FE186B002EC0DF /* Debug */,
				EE510CEC20FE186B002EC0DF /* Release */,
			);
			defaultConfigurationIsVisible = 0;
			defaultConfigurationName = Release;
		};
		EE510CED20FE186B002EC0DF /* Build configuration list for PBXNativeTarget "HZVideoPlayerTests" */ = {
			isa = XCConfigurationList;
			buildConfigurations = (
				EE510CEE20FE186B002EC0DF /* Debug */,
				EE510CEF20FE186B002EC0DF /* Release */,
			);
			defaultConfigurationIsVisible = 0;
			defaultConfigurationName = Release;
		};
		EE510CF020FE186B002EC0DF /* Build configuration list for PBXNativeTarget "HZVideoPlayerUITests" */ = {
			isa = XCConfigurationList;
			buildConfigurations = (
				EE510CF120FE186B002EC0DF /* Debug */,
				EE510CF220FE186B002EC0DF /* Release */,
			);
			defaultConfigurationIsVisible = 0;
			defaultConfigurationName = Release;
		};
/* End XCConfigurationList section */
	};
	rootObject = EE510CB620FE186B002EC0DF /* Project object */;
}
