// !$*UTF8*$!
{
	archiveVersion = 1;
	classes = {
	};
	objectVersion = 48;
	objects = {

/* Begin PBXBuildFile section */
		EE510CC320FE186B002EC0DF /* AppDelegate.m in Sources */ = {isa = PBXBuildFile; fileRef = EE510CC220FE186B002EC0DF /* AppDelegate.m */; };
		EE510CC620FE186B002EC0DF /* ViewController.m in Sources */ = {isa = PBXBuildFile; fileRef = EE510CC520FE186B002EC0DF /* ViewController.m */; };
		EE510CC920FE186B002EC0DF /* Main.storyboard in Resources */ = {isa = PBXBuildFile; fileRef = EE510CC720FE186B002EC0DF /* Main.storyboard */; };
		EE510CCB20FE186B002EC0DF /* Assets.xcassets in Resources */ = {isa = PBXBuildFile; fileRef = EE510CCA20FE186B002EC0DF /* Assets.xcassets */; };
		EE510CCE20FE186B002EC0DF /* LaunchScreen.storyboard in Resources */ = {isa = PBXBuildFile; fileRef = EE510CCC20FE186B002EC0DF /* LaunchScreen.storyboard */; };
		EE510CD120FE186B002EC0DF /* main.m in Sources */ = {isa = PBXBuildFile; fileRef = EE510CD020FE186B002EC0DF /* main.m */; };
		EE510CDB20FE186B002EC0DF /* HZVideoPlayerTests.m in Sources */ = {isa = PBXBuildFile; fileRef = EE510CDA20FE186B002EC0DF /* HZVideoPlayerTests.m */; };
		EE510CE620FE186B002EC0DF /* HZVideoPlayerUITests.m in Sources */ = {isa = PBXBuildFile; fileRef = EE510CE520FE186B002EC0DF /* HZVideoPlayerUITests.m */; };
		EE510CF520FE1B17002EC0DF /* HZVideoPlayer.m in Sources */ = {isa = PBXBuildFile; fileRef = EE510CF420FE1B17002EC0DF /* HZVideoPlayer.m */; };
		EE510CFD20FEED52002EC0DF /* TopStyleViewController.m in Sources */ = {isa = PBXBuildFile; fileRef = EE510CFC20FEED52002EC0DF /* TopStyleViewController.m */; };
		EE510D0020FEED62002EC0DF /* InnerStyleViewController.m in Sources */ = {isa = PBXBuildFile; fileRef = EE510CFF20FEED62002EC0DF /* InnerStyleViewController.m */; };
		EE510D0420FF203A002EC0DF /* HZVideoPlayer.bundle in Resources */ = {isa = PBXBuildFile; fileRef = EE510D0320FF203A002EC0DF /* HZVideoPlayer.bundle */; };
		EE510D0A20FF6B32002EC0DF /* HZPlayerView.m in Sources */ = {isa = PBXBuildFile; fileRef = EE510D0920FF6B32002EC0DF /* HZPlayerView.m */; };
		EE510D0C20FF73BB002EC0DF /* rzjt.MP4 in Resources */ = {isa = PBXBuildFile; fileRef = EE510D0B20FF73BB002EC0DF /* rzjt.MP4 */; };
		EE510D3021003C88002EC0DF /* MASCompositeConstraint.m in Sources */ = {isa = PBXBuildFile; fileRef = EE510D1821003C87002EC0DF /* MASCompositeConstraint.m */; };
		EE510D3121003C88002EC0DF /* MASConstraint.m in Sources */ = {isa = PBXBuildFile; fileRef = EE510D1B21003C87002EC0DF /* MASConstraint.m */; };
		EE510D3221003C88002EC0DF /* MASConstraintMaker.m in Sources */ = {isa = PBXBuildFile; fileRef = EE510D1D21003C87002EC0DF /* MASConstraintMaker.m */; };
		EE510D3321003C88002EC0DF /* MASLayoutConstraint.m in Sources */ = {isa = PBXBuildFile; fileRef = EE510D1F21003C87002EC0DF /* MASLayoutConstraint.m */; };
		EE510D3421003C88002EC0DF /* MASViewAttribute.m in Sources */ = {isa = PBXBuildFile; fileRef = EE510D2321003C87002EC0DF /* MASViewAttribute.m */; };
		EE510D3521003C88002EC0DF /* MASViewConstraint.m in Sources */ = {isa = PBXBuildFile; fileRef = EE510D2521003C87002EC0DF /* MASViewConstraint.m */; };
		EE510D3621003C88002EC0DF /* NSArray+MASAdditions.m in Sources */ = {isa = PBXBuildFile; fileRef = EE510D2721003C87002EC0DF /* NSArray+MASAdditions.m */; };
		EE510D3721003C88002EC0DF /* NSLayoutConstraint+MASDebugAdditions.m in Sources */ = {isa = PBXBuildFile; fileRef = EE510D2A21003C87002EC0DF /* NSLayoutConstraint+MASDebugAdditions.m */; };
		EE510D3821003C88002EC0DF /* View+MASAdditions.m in Sources */ = {isa = PBXBuildFile; fileRef = EE510D2C21003C87002EC0DF /* View+MASAdditions.m */; };
		EE510D3921003C88002EC0DF /* ViewController+MASAdditions.m in Sources */ = {isa = PBXBuildFile; fileRef = EE510D2F21003C87002EC0DF /* ViewController+MASAdditions.m */; };
		EE510D3C21005F7E002EC0DF /* HZSliderView.m in Sources */ = {isa = PBXBuildFile; fileRef = EE510D3B21005F7E002EC0DF /* HZSliderView.m */; };
		EE510D3F21005F9D002EC0DF /* UIView+HZFrame.m in Sources */ = {isa = PBXBuildFile; fileRef = EE510D3E21005F9D002EC0DF /* UIView+HZFrame.m */; };
		EE510D4221016AE1002EC0DF /* HZPlayerGestureControl.m in Sources */ = {isa = PBXBuildFile; fileRef = EE510D4021016AE0002EC0DF /* HZPlayerGestureControl.m */; };
		EE510D4E210201E4002EC0DF /* HZLoadingView.m in Sources */ = {isa = PBXBuildFile; fileRef = EE510D4C210201E4002EC0DF /* HZLoadingView.m */; };
		EE510D512102E603002EC0DF /* HZGCDTimerManager.m in Sources */ = {isa = PBXBuildFile; fileRef = EE510D4F2102E603002EC0DF /* HZGCDTimerManager.m */; };
		EE510D5421070A3E002EC0DF /* HZVolumeBrightnessView.m in Sources */ = {isa = PBXBuildFile; fileRef = EE510D5321070A3E002EC0DF /* HZVolumeBrightnessView.m */; };
		EE510D57210718AB002EC0DF /* HZForwardBackwardView.m in Sources */ = {isa = PBXBuildFile; fileRef = EE510D56210718AB002EC0DF /* HZForwardBackwardView.m */; };
/* End PBXBuildFile section */

/* Begin PBXContainerItemProxy section */
		EE510CD720FE186B002EC0DF /* PBXContainerItemProxy */ = {
			isa = PBXContainerItemProxy;
			containerPortal = EE510CB620FE186B002EC0DF /* Project object */;
			proxyType = 1;
			remoteGlobalIDString = EE510CBD20FE186B002EC0DF;
			remoteInfo = HZVideoPlayer;
		};
		EE510CE220FE186B002EC0DF /* PBXContainerItemProxy */ = {
			isa = PBXContainerItemProxy;
			containerPortal = EE510CB620FE186B002EC0DF /* Project object */;
			proxyType = 1;
			remoteGlobalIDString = EE510CBD20FE186B002EC0DF;
			remoteInfo = HZVideoPlayer;
		};
/* End PBXContainerItemProxy section */

/* Begin PBXFileReference section */
		EE510CBE20FE186B002EC0DF /* HZVideoPlayer.app */ = {isa = PBXFileReference; explicitFileType = wrapper.application; includeInIndex = 0; path = HZVideoPlayer.app; sourceTree = BUILT_PRODUCTS_DIR; };
		EE510CC120FE186B002EC0DF /* AppDelegate.h */ = {isa = PBXFileReference; lastKnownFileType = sourcecode.c.h; path = AppDelegate.h; sourceTree = "<group>"; };
		EE510CC220FE186B002EC0DF /* AppDelegate.m */ = {isa = PBXFileReference; lastKnownFileType = sourcecode.c.objc; path = AppDelegate.m; sourceTree = "<group>"; };
		EE510CC420FE186B002EC0DF /* ViewController.h */ = {isa = PBXFileReference; lastKnownFileType = sourcecode.c.h; path = ViewController.h; sourceTree = "<group>"; };
		EE510CC520FE186B002EC0DF /* ViewController.m */ = {isa = PBXFileReference; lastKnownFileType = sourcecode.c.objc; path = ViewController.m; sourceTree = "<group>"; };
		EE510CC820FE186B002EC0DF /* Base */ = {isa = PBXFileReference; lastKnownFileType = file.storyboard; name = Base; path = Base.lproj/Main.storyboard; sourceTree = "<group>"; };
		EE510CCA20FE186B002EC0DF /* Assets.xcassets */ = {isa = PBXFileReference; lastKnownFileType = folder.assetcatalog; path = Assets.xcassets; sourceTree = "<group>"; };
		EE510CCD20FE186B002EC0DF /* Base */ = {isa = PBXFileReference; lastKnownFileType = file.storyboard; name = Base; path = Base.lproj/LaunchScreen.storyboard; sourceTree = "<group>"; };
		EE510CCF20FE186B002EC0DF /* Info.plist */ = {isa = PBXFileReference; lastKnownFileType = text.plist.xml; path = Info.plist; sourceTree = "<group>"; };
		EE510CD020FE186B002EC0DF /* main.m */ = {isa = PBXFileReference; lastKnownFileType = sourcecode.c.objc; path = main.m; sourceTree = "<group>"; };
		EE510CD620FE186B002EC0DF /* HZVideoPlayerTests.xctest */ = {isa = PBXFileReference; explicitFileType = wrapper.cfbundle; includeInIndex = 0; path = HZVideoPlayerTests.xctest; sourceTree = BUILT_PRODUCTS_DIR; };
		EE510CDA20FE186B002EC0DF /* HZVideoPlayerTests.m */ = {isa = PBXFileReference; lastKnownFileType = sourcecode.c.objc; path = HZVideoPlayerTests.m; sourceTree = "<group>"; };
		EE510CDC20FE186B002EC0DF /* Info.plist */ = {isa = PBXFileReference; lastKnownFileType = text.plist.xml; path = Info.plist; sourceTree = "<group>"; };
		EE510CE120FE186B002EC0DF /* HZVideoPlayerUITests.xctest */ = {isa = PBXFileReference; explicitFileType = wrapper.cfbundle; includeInIndex = 0; path = HZVideoPlayerUITests.xctest; sourceTree = BUILT_PRODUCTS_DIR; };
		EE510CE520FE186B002EC0DF /* HZVideoPlayerUITests.m */ = {isa = PBXFileReference; lastKnownFileType = sourcecode.c.objc; path = HZVideoPlayerUITests.m; sourceTree = "<group>"; };
		EE510CE720FE186B002EC0DF /* Info.plist */ = {isa = PBXFileReference; lastKnownFileType = text.plist.xml; path = Info.plist; sourceTree = "<group>"; };
		EE510CF320FE1B17002EC0DF /* HZVideoPlayer.h */ = {isa = PBXFileReference; lastKnownFileType = sourcecode.c.h; path = HZVideoPlayer.h; sourceTree = "<group>"; };
		EE510CF420FE1B17002EC0DF /* HZVideoPlayer.m */ = {isa = PBXFileReference; lastKnownFileType = sourcecode.c.objc; path = HZVideoPlayer.m; sourceTree = "<group>"; };
		EE510CFB20FEED52002EC0DF /* TopStyleViewController.h */ = {isa = PBXFileReference; lastKnownFileType = sourcecode.c.h; path = TopStyleViewController.h; sourceTree = "<group>"; };
		EE510CFC20FEED52002EC0DF /* TopStyleViewController.m */ = {isa = PBXFileReference; lastKnownFileType = sourcecode.c.objc; path = TopStyleViewController.m; sourceTree = "<group>"; };
		EE510CFE20FEED62002EC0DF /* InnerStyleViewController.h */ = {isa = PBXFileReference; lastKnownFileType = sourcecode.c.h; path = InnerStyleViewController.h; sourceTree = "<group>"; };
		EE510CFF20FEED62002EC0DF /* InnerStyleViewController.m */ = {isa = PBXFileReference; lastKnownFileType = sourcecode.c.objc; path = InnerStyleViewController.m; sourceTree = "<group>"; };
		EE510D0320FF203A002EC0DF /* HZVideoPlayer.bundle */ = {isa = PBXFileReference; lastKnownFileType = "wrapper.plug-in"; path = HZVideoPlayer.bundle; sourceTree = "<group>"; };
		EE510D0820FF6B32002EC0DF /* HZPlayerView.h */ = {isa = PBXFileReference; lastKnownFileType = sourcecode.c.h; path = HZPlayerView.h; sourceTree = "<group>"; };
		EE510D0920FF6B32002EC0DF /* HZPlayerView.m */ = {isa = PBXFileReference; lastKnownFileType = sourcecode.c.objc; path = HZPlayerView.m; sourceTree = "<group>"; };
		EE510D0B20FF73BB002EC0DF /* rzjt.MP4 */ = {isa = PBXFileReference; lastKnownFileType = file; path = rzjt.MP4; sourceTree = "<group>"; };
		EE510D1721003C87002EC0DF /* MASCompositeConstraint.h */ = {isa = PBXFileReference; fileEncoding = 4; lastKnownFileType = sourcecode.c.h; path = MASCompositeConstraint.h; sourceTree = "<group>"; };
		EE510D1821003C87002EC0DF /* MASCompositeConstraint.m */ = {isa = PBXFileReference; fileEncoding = 4; lastKnownFileType = sourcecode.c.objc; path = MASCompositeConstraint.m; sourceTree = "<group>"; };
		EE510D1921003C87002EC0DF /* MASConstraint+Private.h */ = {isa = PBXFileReference; fileEncoding = 4; lastKnownFileType = sourcecode.c.h; path = "MASConstraint+Private.h"; sourceTree = "<group>"; };
		EE510D1A21003C87002EC0DF /* MASConstraint.h */ = {isa = PBXFileReference; fileEncoding = 4; lastKnownFileType = sourcecode.c.h; path = MASConstraint.h; sourceTree = "<group>"; };
		EE510D1B21003C87002EC0DF /* MASConstraint.m */ = {isa = PBXFileReference; fileEncoding = 4; lastKnownFileType = sourcecode.c.objc; path = MASConstraint.m; sourceTree = "<group>"; };
		EE510D1C21003C87002EC0DF /* MASConstraintMaker.h */ = {isa = PBXFileReference; fileEncoding = 4; lastKnownFileType = sourcecode.c.h; path = MASConstraintMaker.h; sourceTree = "<group>"; };
		EE510D1D21003C87002EC0DF /* MASConstraintMaker.m */ = {isa = PBXFileReference; fileEncoding = 4; lastKnownFileType = sourcecode.c.objc; path = MASConstraintMaker.m; sourceTree = "<group>"; };
		EE510D1E21003C87002EC0DF /* MASLayoutConstraint.h */ = {isa = PBXFileReference; fileEncoding = 4; lastKnownFileType = sourcecode.c.h; path = MASLayoutConstraint.h; sourceTree = "<group>"; };
		EE510D1F21003C87002EC0DF /* MASLayoutConstraint.m */ = {isa = PBXFileReference; fileEncoding = 4; lastKnownFileType = sourcecode.c.objc; path = MASLayoutConstraint.m; sourceTree = "<group>"; };
		EE510D2021003C87002EC0DF /* Masonry.h */ = {isa = PBXFileReference; fileEncoding = 4; lastKnownFileType = sourcecode.c.h; path = Masonry.h; sourceTree = "<group>"; };
		EE510D2121003C87002EC0DF /* MASUtilities.h */ = {isa = PBXFileReference; fileEncoding = 4; lastKnownFileType = sourcecode.c.h; path = MASUtilities.h; sourceTree = "<group>"; };
		EE510D2221003C87002EC0DF /* MASViewAttribute.h */ = {isa = PBXFileReference; fileEncoding = 4; lastKnownFileType = sourcecode.c.h; path = MASViewAttribute.h; sourceTree = "<group>"; };
		EE510D2321003C87002EC0DF /* MASViewAttribute.m */ = {isa = PBXFileReference; fileEncoding = 4; lastKnownFileType = sourcecode.c.objc; path = MASViewAttribute.m; sourceTree = "<group>"; };
		EE510D2421003C87002EC0DF /* MASViewConstraint.h */ = {isa = PBXFileReference; fileEncoding = 4; lastKnownFileType = sourcecode.c.h; path = MASViewConstraint.h; sourceTree = "<group>"; };
		EE510D2521003C87002EC0DF /* MASViewConstraint.m */ = {isa = PBXFileReference; fileEncoding = 4; lastKnownFileType = sourcecode.c.objc; path = MASViewConstraint.m; sourceTree = "<group>"; };
		EE510D2621003C87002EC0DF /* NSArray+MASAdditions.h */ = {isa = PBXFileReference; fileEncoding = 4; lastKnownFileType = sourcecode.c.h; path = "NSArray+MASAdditions.h"; sourceTree = "<group>"; };
		EE510D2721003C87002EC0DF /* NSArray+MASAdditions.m */ = {isa = PBXFileReference; fileEncoding = 4; lastKnownFileType = sourcecode.c.objc; path = "NSArray+MASAdditions.m"; sourceTree = "<group>"; };
		EE510D2821003C87002EC0DF /* NSArray+MASShorthandAdditions.h */ = {isa = PBXFileReference; fileEncoding = 4; lastKnownFileType = sourcecode.c.h; path = "NSArray+MASShorthandAdditions.h"; sourceTree = "<group>"; };
		EE510D2921003C87002EC0DF /* NSLayoutConstraint+MASDebugAdditions.h */ = {isa = PBXFileReference; fileEncoding = 4; lastKnownFileType = sourcecode.c.h; path = "NSLayoutConstraint+MASDebugAdditions.h"; sourceTree = "<group>"; };
		EE510D2A21003C87002EC0DF /* NSLayoutConstraint+MASDebugAdditions.m */ = {isa = PBXFileReference; fileEncoding = 4; lastKnownFileType = sourcecode.c.objc; path = "NSLayoutConstraint+MASDebugAdditions.m"; sourceTree = "<group>"; };
		EE510D2B21003C87002EC0DF /* View+MASAdditions.h */ = {isa = PBXFileReference; fileEncoding = 4; lastKnownFileType = sourcecode.c.h; path = "View+MASAdditions.h"; sourceTree = "<group>"; };
		EE510D2C21003C87002EC0DF /* View+MASAdditions.m */ = {isa = PBXFileReference; fileEncoding = 4; lastKnownFileType = sourcecode.c.objc; path = "View+MASAdditions.m"; sourceTree = "<group>"; };
		EE510D2D21003C87002EC0DF /* View+MASShorthandAdditions.h */ = {isa = PBXFileReference; fileEncoding = 4; lastKnownFileType = sourcecode.c.h; path = "View+MASShorthandAdditions.h"; sourceTree = "<group>"; };
		EE510D2E21003C87002EC0DF /* ViewController+MASAdditions.h */ = {isa = PBXFileReference; fileEncoding = 4; lastKnownFileType = sourcecode.c.h; path = "ViewController+MASAdditions.h"; sourceTree = "<group>"; };
		EE510D2F21003C87002EC0DF /* ViewController+MASAdditions.m */ = {isa = PBXFileReference; fileEncoding = 4; lastKnownFileType = sourcecode.c.objc; path = "ViewController+MASAdditions.m"; sourceTree = "<group>"; };
		EE510D3A21005F7E002EC0DF /* HZSliderView.h */ = {isa = PBXFileReference; fileEncoding = 4; lastKnownFileType = sourcecode.c.h; path = HZSliderView.h; sourceTree = "<group>"; };
		EE510D3B21005F7E002EC0DF /* HZSliderView.m */ = {isa = PBXFileReference; fileEncoding = 4; lastKnownFileType = sourcecode.c.objc; path = HZSliderView.m; sourceTree = "<group>"; };
		EE510D3D21005F9D002EC0DF /* UIView+HZFrame.h */ = {isa = PBXFileReference; fileEncoding = 4; lastKnownFileType = sourcecode.c.h; path = "UIView+HZFrame.h"; sourceTree = "<group>"; };
		EE510D3E21005F9D002EC0DF /* UIView+HZFrame.m */ = {isa = PBXFileReference; fileEncoding = 4; lastKnownFileType = sourcecode.c.objc; path = "UIView+HZFrame.m"; sourceTree = "<group>"; };
		EE510D4021016AE0002EC0DF /* HZPlayerGestureControl.m */ = {isa = PBXFileReference; fileEncoding = 4; lastKnownFileType = sourcecode.c.objc; path = HZPlayerGestureControl.m; sourceTree = "<group>"; };
		EE510D4121016AE0002EC0DF /* HZPlayerGestureControl.h */ = {isa = PBXFileReference; fileEncoding = 4; lastKnownFileType = sourcecode.c.h; path = HZPlayerGestureControl.h; sourceTree = "<group>"; };
		EE510D4C210201E4002EC0DF /* HZLoadingView.m */ = {isa = PBXFileReference; fileEncoding = 4; lastKnownFileType = sourcecode.c.objc; path = HZLoadingView.m; sourceTree = "<group>"; };
		EE510D4D210201E4002EC0DF /* HZLoadingView.h */ = {isa = PBXFileReference; fileEncoding = 4; lastKnownFileType = sourcecode.c.h; path = HZLoadingView.h; sourceTree = "<group>"; };
		EE510D4F2102E603002EC0DF /* HZGCDTimerManager.m */ = {isa = PBXFileReference; fileEncoding = 4; lastKnownFileType = sourcecode.c.objc; path = HZGCDTimerManager.m; sourceTree = "<group>"; };
		EE510D502102E603002EC0DF /* HZGCDTimerManager.h */ = {isa = PBXFileReference; fileEncoding = 4; lastKnownFileType = sourcecode.c.h; path = HZGCDTimerManager.h; sourceTree = "<group>"; };
		EE510D5221070A3E002EC0DF /* HZVolumeBrightnessView.h */ = {isa = PBXFileReference; lastKnownFileType = sourcecode.c.h; path = HZVolumeBrightnessView.h; sourceTree = "<group>"; };
		EE510D5321070A3E002EC0DF /* HZVolumeBrightnessView.m */ = {isa = PBXFileReference; lastKnownFileType = sourcecode.c.objc; path = HZVolumeBrightnessView.m; sourceTree = "<group>"; };
		EE510D55210718AB002EC0DF /* HZForwardBackwardView.h */ = {isa = PBXFileReference; lastKnownFileType = sourcecode.c.h; path = HZForwardBackwardView.h; sourceTree = "<group>"; };
		EE510D56210718AB002EC0DF /* HZForwardBackwardView.m */ = {isa = PBXFileReference; lastKnownFileType = sourcecode.c.objc; path = HZForwardBackwardView.m; sourceTree = "<group>"; };
		EE510D5821075A7E002EC0DF /* HZVideoPlayerCommon.h */ = {isa = PBXFileReference; lastKnownFileType = sourcecode.c.h; path = HZVideoPlayerCommon.h; sourceTree = "<group>"; };
/* End PBXFileReference section */

/* Begin PBXFrameworksBuildPhase section */
		EE510CBB20FE186B002EC0DF /* Frameworks */ = {
			isa = PBXFrameworksBuildPhase;
			buildActionMask = 2147483647;
			files = (
			);
			runOnlyForDeploymentPostprocessing = 0;
		};
		EE510CD320FE186B002EC0DF /* Frameworks */ = {
			isa = PBXFrameworksBuildPhase;
			buildActionMask = 2147483647;
			files = (
			);
			runOnlyForDeploymentPostprocessing = 0;
		};
		EE510CDE20FE186B002EC0DF /* Frameworks */ = {
			isa = PBXFrameworksBuildPhase;
			buildActionMask = 2147483647;
			files = (
			);
			runOnlyForDeploymentPostprocessing = 0;
		};
/* End PBXFrameworksBuildPhase section */

/* Begin PBXGroup section */
		EE510CB520FE186B002EC0DF = {
			isa = PBXGroup;
			children = (
				EE510D0B20FF73BB002EC0DF /* rzjt.MP4 */,
				EE510CC020FE186B002EC0DF /* HZVideoPlayer */,
				EE510CD920FE186B002EC0DF /* HZVideoPlayerTests */,
				EE510CE420FE186B002EC0DF /* HZVideoPlayerUITests */,
				EE510CBF20FE186B002EC0DF /* Products */,
			);
			sourceTree = "<group>";
		};
		EE510CBF20FE186B002EC0DF /* Products */ = {
			isa = PBXGroup;
			children = (
				EE510CBE20FE186B002EC0DF /* HZVideoPlayer.app */,
				EE510CD620FE186B002EC0DF /* HZVideoPlayerTests.xctest */,
				EE510CE120FE186B002EC0DF /* HZVideoPlayerUITests.xctest */,
			);
			name = Products;
			sourceTree = "<group>";
		};
		EE510CC020FE186B002EC0DF /* HZVideoPlayer */ = {
			isa = PBXGroup;
			children = (
				EE510D1621003C87002EC0DF /* Masonry */,
				EE510CF920FED3A7002EC0DF /* HZVideoPlayer */,
				EE510CFB20FEED52002EC0DF /* TopStyleViewController.h */,
				EE510CFC20FEED52002EC0DF /* TopStyleViewController.m */,
				EE510CFE20FEED62002EC0DF /* InnerStyleViewController.h */,
				EE510CFF20FEED62002EC0DF /* InnerStyleViewController.m */,
				EE510CC120FE186B002EC0DF /* AppDelegate.h */,
				EE510CC220FE186B002EC0DF /* AppDelegate.m */,
				EE510CC420FE186B002EC0DF /* ViewController.h */,
				EE510CC520FE186B002EC0DF /* ViewController.m */,
				EE510CC720FE186B002EC0DF /* Main.storyboard */,
				EE510CCA20FE186B002EC0DF /* Assets.xcassets */,
				EE510CCC20FE186B002EC0DF /* LaunchScreen.storyboard */,
				EE510CCF20FE186B002EC0DF /* Info.plist */,
				EE510CD020FE186B002EC0DF /* main.m */,
			);
			path = HZVideoPlayer;
			sourceTree = "<group>";
		};
		EE510CD920FE186B002EC0DF /* HZVideoPlayerTests */ = {
			isa = PBXGroup;
			children = (
				EE510CDA20FE186B002EC0DF /* HZVideoPlayerTests.m */,
				EE510CDC20FE186B002EC0DF /* Info.plist */,
			);
			path = HZVideoPlayerTests;
			sourceTree = "<group>";
		};
		EE510CE420FE186B002EC0DF /* HZVideoPlayerUITests */ = {
			isa = PBXGroup;
			children = (
				EE510CE520FE186B002EC0DF /* HZVideoPlayerUITests.m */,
				EE510CE720FE186B002EC0DF /* Info.plist */,
			);
			path = HZVideoPlayerUITests;
			sourceTree = "<group>";
		};
		EE510CF920FED3A7002EC0DF /* HZVideoPlayer */ = {
			isa = PBXGroup;
			children = (
				EE510CF320FE1B17002EC0DF /* HZVideoPlayer.h */,
				EE510CF420FE1B17002EC0DF /* HZVideoPlayer.m */,
				EE510D0820FF6B32002EC0DF /* HZPlayerView.h */,
				EE510D0920FF6B32002EC0DF /* HZPlayerView.m */,
				EE510D5821075A7E002EC0DF /* HZVideoPlayerCommon.h */,
				EE510D502102E603002EC0DF /* HZGCDTimerManager.h */,
				EE510D4F2102E603002EC0DF /* HZGCDTimerManager.m */,
				EE510D4D210201E4002EC0DF /* HZLoadingView.h */,
				EE510D4C210201E4002EC0DF /* HZLoadingView.m */,
				EE510D4121016AE0002EC0DF /* HZPlayerGestureControl.h */,
				EE510D4021016AE0002EC0DF /* HZPlayerGestureControl.m */,
				EE510D3D21005F9D002EC0DF /* UIView+HZFrame.h */,
				EE510D3E21005F9D002EC0DF /* UIView+HZFrame.m */,
				EE510D3A21005F7E002EC0DF /* HZSliderView.h */,
				EE510D3B21005F7E002EC0DF /* HZSliderView.m */,
				EE510D5221070A3E002EC0DF /* HZVolumeBrightnessView.h */,
				EE510D5321070A3E002EC0DF /* HZVolumeBrightnessView.m */,
				EE510D55210718AB002EC0DF /* HZForwardBackwardView.h */,
				EE510D56210718AB002EC0DF /* HZForwardBackwardView.m */,
				EE510D0320FF203A002EC0DF /* HZVideoPlayer.bundle */,
			);
			path = HZVideoPlayer;
			sourceTree = "<group>";
		};
		EE510D1621003C87002EC0DF /* Masonry */ = {
			isa = PBXGroup;
			children = (
				EE510D1721003C87002EC0DF /* MASCompositeConstraint.h */,
				EE510D1821003C87002EC0DF /* MASCompositeConstraint.m */,
				EE510D1921003C87002EC0DF /* MASConstraint+Private.h */,
				EE510D1A21003C87002EC0DF /* MASConstraint.h */,
				EE510D1B21003C87002EC0DF /* MASConstraint.m */,
				EE510D1C21003C87002EC0DF /* MASConstraintMaker.h */,
				EE510D1D21003C87002EC0DF /* MASConstraintMaker.m */,
				EE510D1E21003C87002EC0DF /* MASLayoutConstraint.h */,
				EE510D1F21003C87002EC0DF /* MASLayoutConstraint.m */,
				EE510D2021003C87002EC0DF /* Masonry.h */,
				EE510D2121003C87002EC0DF /* MASUtilities.h */,
				EE510D2221003C87002EC0DF /* MASViewAttribute.h */,
				EE510D2321003C87002EC0DF /* MASViewAttribute.m */,
				EE510D2421003C87002EC0DF /* MASViewConstraint.h */,
				EE510D2521003C87002EC0DF /* MASViewConstraint.m */,
				EE510D2621003C87002EC0DF /* NSArray+MASAdditions.h */,
				EE510D2721003C87002EC0DF /* NSArray+MASAdditions.m */,
				EE510D2821003C87002EC0DF /* NSArray+MASShorthandAdditions.h */,
				EE510D2921003C87002EC0DF /* NSLayoutConstraint+MASDebugAdditions.h */,
				EE510D2A21003C87002EC0DF /* NSLayoutConstraint+MASDebugAdditions.m */,
				EE510D2B21003C87002EC0DF /* View+MASAdditions.h */,
				EE510D2C21003C87002EC0DF /* View+MASAdditions.m */,
				EE510D2D21003C87002EC0DF /* View+MASShorthandAdditions.h */,
				EE510D2E21003C87002EC0DF /* ViewController+MASAdditions.h */,
				EE510D2F21003C87002EC0DF /* ViewController+MASAdditions.m */,
			);
			path = Masonry;
			sourceTree = "<group>";
		};
/* End PBXGroup section */

/* Begin PBXNativeTarget section */
		EE510CBD20FE186B002EC0DF /* HZVideoPlayer */ = {
			isa = PBXNativeTarget;
			buildConfigurationList = EE510CEA20FE186B002EC0DF /* Build configuration list for PBXNativeTarget "HZVideoPlayer" */;
			buildPhases = (
				EE510CBA20FE186B002EC0DF /* Sources */,
				EE510CBB20FE186B002EC0DF /* Frameworks */,
				EE510CBC20FE186B002EC0DF /* Resources */,
			);
			buildRules = (
			);
			dependencies = (
			);
			name = HZVideoPlayer;
			productName = HZVideoPlayer;
			productReference = EE510CBE20FE186B002EC0DF /* HZVideoPlayer.app */;
			productType = "com.apple.product-type.application";
		};
		EE510CD520FE186B002EC0DF /* HZVideoPlayerTests */ = {
			isa = PBXNativeTarget;
			buildConfigurationList = EE510CED20FE186B002EC0DF /* Build configuration list for PBXNativeTarget "HZVideoPlayerTests" */;
			buildPhases = (
				EE510CD220FE186B002EC0DF /* Sources */,
				EE510CD320FE186B002EC0DF /* Frameworks */,
				EE510CD420FE186B002EC0DF /* Resources */,
			);
			buildRules = (
			);
			dependencies = (
				EE510CD820FE186B002EC0DF /* PBXTargetDependency */,
			);
			name = HZVideoPlayerTests;
			productName = HZVideoPlayerTests;
			productReference = EE510CD620FE186B002EC0DF /* HZVideoPlayerTests.xctest */;
			productType = "com.apple.product-type.bundle.unit-test";
		};
		EE510CE020FE186B002EC0DF /* HZVideoPlayerUITests */ = {
			isa = PBXNativeTarget;
			buildConfigurationList = EE510CF020FE186B002EC0DF /* Build configuration list for PBXNativeTarget "HZVideoPlayerUITests" */;
			buildPhases = (
				EE510CDD20FE186B002EC0DF /* Sources */,
				EE510CDE20FE186B002EC0DF /* Frameworks */,
				EE510CDF20FE186B002EC0DF /* Resources */,
			);
			buildRules = (
			);
			dependencies = (
				EE510CE320FE186B002EC0DF /* PBXTargetDependency */,
			);
			name = HZVideoPlayerUITests;
			productName = HZVideoPlayerUITests;
			productReference = EE510CE120FE186B002EC0DF /* HZVideoPlayerUITests.xctest */;
			productType = "com.apple.product-type.bundle.ui-testing";
		};
/* End PBXNativeTarget section */

/* Begin PBXProject section */
		EE510CB620FE186B002EC0DF /* Project object */ = {
			isa = PBXProject;
			attributes = {
				LastUpgradeCheck = 0910;
				ORGANIZATIONNAME = huangzhenyu;
				TargetAttributes = {
					EE510CBD20FE186B002EC0DF = {
						CreatedOnToolsVersion = 9.1;
						ProvisioningStyle = Automatic;
					};
					EE510CD520FE186B002EC0DF = {
						CreatedOnToolsVersion = 9.1;
						ProvisioningStyle = Automatic;
						TestTargetID = EE510CBD20FE186B002EC0DF;
					};
					EE510CE020FE186B002EC0DF = {
						CreatedOnToolsVersion = 9.1;
						ProvisioningStyle = Automatic;
						TestTargetID = EE510CBD20FE186B002EC0DF;
					};
				};
			};
			buildConfigurationList = EE510CB920FE186B002EC0DF /* Build configuration list for PBXProject "HZVideoPlayer" */;
			compatibilityVersion = "Xcode 8.0";
			developmentRegion = en;
			hasScannedForEncodings = 0;
			knownRegions = (
				en,
				Base,
			);
			mainGroup = EE510CB520FE186B002EC0DF;
			productRefGroup = EE510CBF20FE186B002EC0DF /* Products */;
			projectDirPath = "";
			projectRoot = "";
			targets = (
				EE510CBD20FE186B002EC0DF /* HZVideoPlayer */,
				EE510CD520FE186B002EC0DF /* HZVideoPlayerTests */,
				EE510CE020FE186B002EC0DF /* HZVideoPlayerUITests */,
			);
		};
/* End PBXProject section */

/* Begin PBXResourcesBuildPhase section */
		EE510CBC20FE186B002EC0DF /* Resources */ = {
			isa = PBXResourcesBuildPhase;
			buildActionMask = 2147483647;
			files = (
				EE510CCE20FE186B002EC0DF /* LaunchScreen.storyboard in Resources */,
				EE510CCB20FE186B002EC0DF /* Assets.xcassets in Resources */,
				EE510D0420FF203A002EC0DF /* HZVideoPlayer.bundle in Resources */,
				EE510CC920FE186B002EC0DF /* Main.storyboard in Resources */,
				EE510D0C20FF73BB002EC0DF /* rzjt.MP4 in Resources */,
			);
			runOnlyForDeploymentPostprocessing = 0;
		};
		EE510CD420FE186B002EC0DF /* Resources */ = {
			isa = PBXResourcesBuildPhase;
			buildActionMask = 2147483647;
			files = (
			);
			runOnlyForDeploymentPostprocessing = 0;
		};
		EE510CDF20FE186B002EC0DF /* Resources */ = {
			isa = PBXResourcesBuildPhase;
			buildActionMask = 2147483647;
			files = (
			);
			runOnlyForDeploymentPostprocessing = 0;
		};
/* End PBXResourcesBuildPhase section */

/* Begin PBXSourcesBuildPhase section */
		EE510CBA20FE186B002EC0DF /* Sources */ = {
			isa = PBXSourcesBuildPhase;
			buildActionMask = 2147483647;
			files = (
				EE510D4221016AE1002EC0DF /* HZPlayerGestureControl.m in Sources */,
				EE510D3521003C88002EC0DF /* MASViewConstraint.m in Sources */,
				EE510D5421070A3E002EC0DF /* HZVolumeBrightnessView.m in Sources */,
				EE510CF520FE1B17002EC0DF /* HZVideoPlayer.m in Sources */,
				EE510D3421003C88002EC0DF /* MASViewAttribute.m in Sources */,
				EE510CC620FE186B002EC0DF /* ViewController.m in Sources */,
				EE510CD120FE186B002EC0DF /* main.m in Sources */,
				EE510D3F21005F9D002EC0DF /* UIView+HZFrame.m in Sources */,
				EE510D3C21005F7E002EC0DF /* HZSliderView.m in Sources */,
				EE510D3021003C88002EC0DF /* MASCompositeConstraint.m in Sources */,
				EE510D4E210201E4002EC0DF /* HZLoadingView.m in Sources */,
				EE510D3221003C88002EC0DF /* MASConstraintMaker.m in Sources */,
				EE510D3821003C88002EC0DF /* View+MASAdditions.m in Sources */,
				EE510D3321003C88002EC0DF /* MASLayoutConstraint.m in Sources */,
				EE510D3921003C88002EC0DF /* ViewController+MASAdditions.m in Sources */,
				EE510D3121003C88002EC0DF /* MASConstraint.m in Sources */,
				EE510D512102E603002EC0DF /* HZGCDTimerManager.m in Sources */,
				EE510D0020FEED62002EC0DF /* InnerStyleViewController.m in Sources */,
				EE510CFD20FEED52002EC0DF /* TopStyleViewController.m in Sources */,
				EE510D57210718AB002EC0DF /* HZForwardBackwardView.m in Sources */,
				EE510D3621003C88002EC0DF /* NSArray+MASAdditions.m in Sources */,
				EE510D3721003C88002EC0DF /* NSLayoutConstraint+MASDebugAdditions.m in Sources */,
				EE510CC320FE186B002EC0DF /* AppDelegate.m in Sources */,
				EE510D0A20FF6B32002EC0DF /* HZPlayerView.m in Sources */,
			);
			runOnlyForDeploymentPostprocessing = 0;
		};
		EE510CD220FE186B002EC0DF /* Sources */ = {
			isa = PBXSourcesBuildPhase;
			buildActionMask = 2147483647;
			files = (
				EE510CDB20FE186B002EC0DF /* HZVideoPlayerTests.m in Sources */,
			);
			runOnlyForDeploymentPostprocessing = 0;
		};
		EE510CDD20FE186B002EC0DF /* Sources */ = {
			isa = PBXSourcesBuildPhase;
			buildActionMask = 2147483647;
			files = (
				EE510CE620FE186B002EC0DF /* HZVideoPlayerUITests.m in Sources */,
			);
			runOnlyForDeploymentPostprocessing = 0;
		};
/* End PBXSourcesBuildPhase section */

/* Begin PBXTargetDependency section */
		EE510CD820FE186B002EC0DF /* PBXTargetDependency */ = {
			isa = PBXTargetDependency;
			target = EE510CBD20FE186B002EC0DF /* HZVideoPlayer */;
			targetProxy = EE510CD720FE186B002EC0DF /* PBXContainerItemProxy */;
		};
		EE510CE320FE186B002EC0DF /* PBXTargetDependency */ = {
			isa = PBXTargetDependency;
			target = EE510CBD20FE186B002EC0DF /* HZVideoPlayer */;
			targetProxy = EE510CE220FE186B002EC0DF /* PBXContainerItemProxy */;
		};
/* End PBXTargetDependency section */

/* Begin PBXVariantGroup section */
		EE510CC720FE186B002EC0DF /* Main.storyboard */ = {
			isa = PBXVariantGroup;
			children = (
				EE510CC820FE186B002EC0DF /* Base */,
			);
			name = Main.storyboard;
			sourceTree = "<group>";
		};
		EE510CCC20FE186B002EC0DF /* LaunchScreen.storyboard */ = {
			isa = PBXVariantGroup;
			children = (
				EE510CCD20FE186B002EC0DF /* Base */,
			);
			name = LaunchScreen.storyboard;
			sourceTree = "<group>";
		};
/* End PBXVariantGroup section */

/* Begin XCBuildConfiguration section */
		EE510CE820FE186B002EC0DF /* Debug */ = {
			isa = XCBuildConfiguration;
			buildSettings = {
				ALWAYS_SEARCH_USER_PATHS = NO;
				CLANG_ANALYZER_NONNULL = YES;
				CLANG_ANALYZER_NUMBER_OBJECT_CONVERSION = YES_AGGRESSIVE;
				CLANG_CXX_LANGUAGE_STANDARD = "gnu++14";
				CLANG_CXX_LIBRARY = "libc++";
				CLANG_ENABLE_MODULES = YES;
				CLANG_ENABLE_OBJC_ARC = YES;
				CLANG_WARN_BLOCK_CAPTURE_AUTORELEASING = YES;
				CLANG_WARN_BOOL_CONVERSION = YES;
				CLANG_WARN_COMMA = YES;
				CLANG_WARN_CONSTANT_CONVERSION = YES;
				CLANG_WARN_DIRECT_OBJC_ISA_USAGE = YES_ERROR;
				CLANG_WARN_DOCUMENTATION_COMMENTS = YES;
				CLANG_WARN_EMPTY_BODY = YES;
				CLANG_WARN_ENUM_CONVERSION = YES;
				CLANG_WARN_INFINITE_RECURSION = YES;
				CLANG_WARN_INT_CONVERSION = YES;
				CLANG_WARN_NON_LITERAL_NULL_CONVERSION = YES;
				CLANG_WARN_OBJC_LITERAL_CONVERSION = YES;
				CLANG_WARN_OBJC_ROOT_CLASS = YES_ERROR;
				CLANG_WARN_RANGE_LOOP_ANALYSIS = YES;
				CLANG_WARN_STRICT_PROTOTYPES = YES;
				CLANG_WARN_SUSPICIOUS_MOVE = YES;
				CLANG_WARN_UNGUARDED_AVAILABILITY = YES_AGGRESSIVE;
				CLANG_WARN_UNREACHABLE_CODE = YES;
				CLANG_WARN__DUPLICATE_METHOD_MATCH = YES;
				CODE_SIGN_IDENTITY = "iPhone Developer";
				COPY_PHASE_STRIP = NO;
				DEBUG_INFORMATION_FORMAT = dwarf;
				ENABLE_STRICT_OBJC_MSGSEND = YES;
				ENABLE_TESTABILITY = YES;
				GCC_C_LANGUAGE_STANDARD = gnu11;
				GCC_DYNAMIC_NO_PIC = NO;
				GCC_NO_COMMON_BLOCKS = YES;
				GCC_OPTIMIZATION_LEVEL = 0;
				GCC_PREPROCESSOR_DEFINITIONS = (
					"DEBUG=1",
					"$(inherited)",
				);
				GCC_WARN_64_TO_32_BIT_CONVERSION = YES;
				GCC_WARN_ABOUT_RETURN_TYPE = YES_ERROR;
				GCC_WARN_UNDECLARED_SELECTOR = YES;
				GCC_WARN_UNINITIALIZED_AUTOS = YES_AGGRESSIVE;
				GCC_WARN_UNUSED_FUNCTION = YES;
				GCC_WARN_UNUSED_VARIABLE = YES;
				IPHONEOS_DEPLOYMENT_TARGET = 11.1;
				MTL_ENABLE_DEBUG_INFO = YES;
				ONLY_ACTIVE_ARCH = YES;
				SDKROOT = iphoneos;
			};
			name = Debug;
		};
		EE510CE920FE186B002EC0DF /* Release */ = {
			isa = XCBuildConfiguration;
			buildSettings = {
				ALWAYS_SEARCH_USER_PATHS = NO;
				CLANG_ANALYZER_NONNULL = YES;
				CLANG_ANALYZER_NUMBER_OBJECT_CONVERSION = YES_AGGRESSIVE;
				CLANG_CXX_LANGUAGE_STANDARD = "gnu++14";
				CLANG_CXX_LIBRARY = "libc++";
				CLANG_ENABLE_MODULES = YES;
				CLANG_ENABLE_OBJC_ARC = YES;
				CLANG_WARN_BLOCK_CAPTURE_AUTORELEASING = YES;
				CLANG_WARN_BOOL_CONVERSION = YES;
				CLANG_WARN_COMMA = YES;
				CLANG_WARN_CONSTANT_CONVERSION = YES;
				CLANG_WARN_DIRECT_OBJC_ISA_USAGE = YES_ERROR;
				CLANG_WARN_DOCUMENTATION_COMMENTS = YES;
				CLANG_WARN_EMPTY_BODY = YES;
				CLANG_WARN_ENUM_CONVERSION = YES;
				CLANG_WARN_INFINITE_RECURSION = YES;
				CLANG_WARN_INT_CONVERSION = YES;
				CLANG_WARN_NON_LITERAL_NULL_CONVERSION = YES;
				CLANG_WARN_OBJC_LITERAL_CONVERSION = YES;
				CLANG_WARN_OBJC_ROOT_CLASS = YES_ERROR;
				CLANG_WARN_RANGE_LOOP_ANALYSIS = YES;
				CLANG_WARN_STRICT_PROTOTYPES = YES;
				CLANG_WARN_SUSPICIOUS_MOVE = YES;
				CLANG_WARN_UNGUARDED_AVAILABILITY = YES_AGGRESSIVE;
				CLANG_WARN_UNREACHABLE_CODE = YES;
				CLANG_WARN__DUPLICATE_METHOD_MATCH = YES;
				CODE_SIGN_IDENTITY = "iPhone Developer";
				COPY_PHASE_STRIP = NO;
				DEBUG_INFORMATION_FORMAT = "dwarf-with-dsym";
				ENABLE_NS_ASSERTIONS = NO;
				ENABLE_STRICT_OBJC_MSGSEND = YES;
				GCC_C_LANGUAGE_STANDARD = gnu11;
				GCC_NO_COMMON_BLOCKS = YES;
				GCC_WARN_64_TO_32_BIT_CONVERSION = YES;
				GCC_WARN_ABOUT_RETURN_TYPE = YES_ERROR;
				GCC_WARN_UNDECLARED_SELECTOR = YES;
				GCC_WARN_UNINITIALIZED_AUTOS = YES_AGGRESSIVE;
				GCC_WARN_UNUSED_FUNCTION = YES;
				GCC_WARN_UNUSED_VARIABLE = YES;
				IPHONEOS_DEPLOYMENT_TARGET = 11.1;
				MTL_ENABLE_DEBUG_INFO = NO;
				SDKROOT = iphoneos;
				VALIDATE_PRODUCT = YES;
			};
			name = Release;
		};
		EE510CEB20FE186B002EC0DF /* Debug */ = {
			isa = XCBuildConfiguration;
			buildSettings = {
				ASSETCATALOG_COMPILER_APPICON_NAME = AppIcon;
				CODE_SIGN_STYLE = Automatic;
				DEVELOPMENT_TEAM = CU5KU23LFX;
				INFOPLIST_FILE = HZVideoPlayer/Info.plist;
				IPHONEOS_DEPLOYMENT_TARGET = 8.0;
				LD_RUNPATH_SEARCH_PATHS = "$(inherited) @executable_path/Frameworks";
				PRODUCT_BUNDLE_IDENTIFIER = com.retech.HZVideoPlayer;
				PRODUCT_NAME = "$(TARGET_NAME)";
				TARGETED_DEVICE_FAMILY = "1,2";
			};
			name = Debug;
		};
		EE510CEC20FE186B002EC0DF /* Release */ = {
			isa = XCBuildConfiguration;
			buildSettings = {
				ASSETCATALOG_COMPILER_APPICON_NAME = AppIcon;
				CODE_SIGN_STYLE = Automatic;
				DEVELOPMENT_TEAM = CU5KU23LFX;
				INFOPLIST_FILE = HZVideoPlayer/Info.plist;
				IPHONEOS_DEPLOYMENT_TARGET = 8.0;
				LD_RUNPATH_SEARCH_PATHS = "$(inherited) @executable_path/Frameworks";
				PRODUCT_BUNDLE_IDENTIFIER = com.retech.HZVideoPlayer;
				PRODUCT_NAME = "$(TARGET_NAME)";
				TARGETED_DEVICE_FAMILY = "1,2";
			};
			name = Release;
		};
		EE510CEE20FE186B002EC0DF /* Debug */ = {
			isa = XCBuildConfiguration;
			buildSettings = {
				BUNDLE_LOADER = "$(TEST_HOST)";
				CODE_SIGN_STYLE = Automatic;
				INFOPLIST_FILE = HZVideoPlayerTests/Info.plist;
				LD_RUNPATH_SEARCH_PATHS = "$(inherited) @executable_path/Frameworks @loader_path/Frameworks";
				PRODUCT_BUNDLE_IDENTIFIER = com.retech.HZVideoPlayerTests;
				PRODUCT_NAME = "$(TARGET_NAME)";
				TARGETED_DEVICE_FAMILY = "1,2";
				TEST_HOST = "$(BUILT_PRODUCTS_DIR)/HZVideoPlayer.app/HZVideoPlayer";
			};
			name = Debug;
		};
		EE510CEF20FE186B002EC0DF /* Release */ = {
			isa = XCBuildConfiguration;
			buildSettings = {
				BUNDLE_LOADER = "$(TEST_HOST)";
				CODE_SIGN_STYLE = Automatic;
				INFOPLIST_FILE = HZVideoPlayerTests/Info.plist;
				LD_RUNPATH_SEARCH_PATHS = "$(inherited) @executable_path/Frameworks @loader_path/Frameworks";
				PRODUCT_BUNDLE_IDENTIFIER = com.retech.HZVideoPlayerTests;
				PRODUCT_NAME = "$(TARGET_NAME)";
				TARGETED_DEVICE_FAMILY = "1,2";
				TEST_HOST = "$(BUILT_PRODUCTS_DIR)/HZVideoPlayer.app/HZVideoPlayer";
			};
			name = Release;
		};
		EE510CF120FE186B002EC0DF /* Debug */ = {
			isa = XCBuildConfiguration;
			buildSettings = {
				CODE_SIGN_STYLE = Automatic;
				INFOPLIST_FILE = HZVideoPlayerUITests/Info.plist;
				LD_RUNPATH_SEARCH_PATHS = "$(inherited) @executable_path/Frameworks @loader_path/Frameworks";
				PRODUCT_BUNDLE_IDENTIFIER = com.retech.HZVideoPlayerUITests;
				PRODUCT_NAME = "$(TARGET_NAME)";
				TARGETED_DEVICE_FAMILY = "1,2";
				TEST_TARGET_NAME = HZVideoPlayer;
			};
			name = Debug;
		};
		EE510CF220FE186B002EC0DF /* Release */ = {
			isa = XCBuildConfiguration;
			buildSettings = {
				CODE_SIGN_STYLE = Automatic;
				INFOPLIST_FILE = HZVideoPlayerUITests/Info.plist;
				LD_RUNPATH_SEARCH_PATHS = "$(inherited) @executable_path/Frameworks @loader_path/Frameworks";
				PRODUCT_BUNDLE_IDENTIFIER = com.retech.HZVideoPlayerUITests;
				PRODUCT_NAME = "$(TARGET_NAME)";
				TARGETED_DEVICE_FAMILY = "1,2";
				TEST_TARGET_NAME = HZVideoPlayer;
			};
			name = Release;
		};
/* End XCBuildConfiguration section */

/* Begin XCConfigurationList section */
		EE510CB920FE186B002EC0DF /* Build configuration list for PBXProject "HZVideoPlayer" */ = {
			isa = XCConfigurationList;
			buildConfigurations = (
				EE510CE820FE186B002EC0DF /* Debug */,
				EE510CE920FE186B002EC0DF /* Release */,
			);
			defaultConfigurationIsVisible = 0;
			defaultConfigurationName = Release;
		};
		EE510CEA20FE186B002EC0DF /* Build configuration list for PBXNativeTarget "HZVideoPlayer" */ = {
			isa = XCConfigurationList;
			buildConfigurations = (
				EE510CEB20FE186B002EC0DF /* Debug */,
				EE510CEC20FE186B002EC0DF /* Release */,
			);
			defaultConfigurationIsVisible = 0;
			defaultConfigurationName = Release;
		};
		EE510CED20FE186B002EC0DF /* Build configuration list for PBXNativeTarget "HZVideoPlayerTests" */ = {
			isa = XCConfigurationList;
			buildConfigurations = (
				EE510CEE20FE186B002EC0DF /* Debug */,
				EE510CEF20FE186B002EC0DF /* Release */,
			);
			defaultConfigurationIsVisible = 0;
			defaultConfigurationName = Release;
		};
		EE510CF020FE186B002EC0DF /* Build configuration list for PBXNativeTarget "HZVideoPlayerUITests" */ = {
			isa = XCConfigurationList;
			buildConfigurations = (
				EE510CF120FE186B002EC0DF /* Debug */,
				EE510CF220FE186B002EC0DF /* Release */,
			);
			defaultConfigurationIsVisible = 0;
			defaultConfigurationName = Release;
		};
/* End XCConfigurationList section */
	};
	rootObject = EE510CB620FE186B002EC0DF /* Project object */;
}
